// !$*UTF8*$!
{
	archiveVersion = 1;
	classes = {
	};
	objectVersion = 46;
	objects = {

/* Begin PBXBuildFile section */
		173DCFB01E56B187001092C7 /* GoogleService-Info.plist in Resources */ = {isa = PBXBuildFile; fileRef = 173DCFAF1E56B187001092C7 /* GoogleService-Info.plist */; };
		173DCFB21E58F599001092C7 /* CategoriesTableViewController.swift in Sources */ = {isa = PBXBuildFile; fileRef = 173DCFB11E58F598001092C7 /* CategoriesTableViewController.swift */; };
		173DCFB41E58F5E4001092C7 /* CategoriesTableViewCell.swift in Sources */ = {isa = PBXBuildFile; fileRef = 173DCFB31E58F5E4001092C7 /* CategoriesTableViewCell.swift */; };
		173DCFB61E58F8E2001092C7 /* Category.swift in Sources */ = {isa = PBXBuildFile; fileRef = 173DCFB51E58F8E2001092C7 /* Category.swift */; };
		1767F7591E344B7100E8AD1F /* Product.swift in Sources */ = {isa = PBXBuildFile; fileRef = 1767F7581E344B7100E8AD1F /* Product.swift */; };
		1767F75B1E344E3100E8AD1F /* ProductCollectionViewController.swift in Sources */ = {isa = PBXBuildFile; fileRef = 1767F75A1E344E3100E8AD1F /* ProductCollectionViewController.swift */; };
		1767F75D1E344E7800E8AD1F /* ProductCollectionViewCell.swift in Sources */ = {isa = PBXBuildFile; fileRef = 1767F75C1E344E7800E8AD1F /* ProductCollectionViewCell.swift */; };
		177867461E33F86000BF7080 /* AppDelegate.swift in Sources */ = {isa = PBXBuildFile; fileRef = 177867451E33F86000BF7080 /* AppDelegate.swift */; };
		1778674D1E33F86000BF7080 /* Assets.xcassets in Resources */ = {isa = PBXBuildFile; fileRef = 1778674C1E33F86000BF7080 /* Assets.xcassets */; };
		177867501E33F86000BF7080 /* LaunchScreen.storyboard in Resources */ = {isa = PBXBuildFile; fileRef = 1778674E1E33F86000BF7080 /* LaunchScreen.storyboard */; };
		177867641E34147900BF7080 /* StoryboardEntityProvider.swift in Sources */ = {isa = PBXBuildFile; fileRef = 177867631E34147900BF7080 /* StoryboardEntityProvider.swift */; };
		17825D8E1E356BF200A03FC5 /* ProductDetailsViewController.swift in Sources */ = {isa = PBXBuildFile; fileRef = 17825D8D1E356BF200A03FC5 /* ProductDetailsViewController.swift */; };
		17825D901E356ED200A03FC5 /* ImageCollectionViewCell.swift in Sources */ = {isa = PBXBuildFile; fileRef = 17825D8F1E356ED200A03FC5 /* ImageCollectionViewCell.swift */; };
		17825D931E3852C700A03FC5 /* ShoppingCartManager.swift in Sources */ = {isa = PBXBuildFile; fileRef = 17825D921E3852C700A03FC5 /* ShoppingCartManager.swift */; };
		17825D971E3ABD1300A03FC5 /* ShoppingCart.swift in Sources */ = {isa = PBXBuildFile; fileRef = 17825D961E3ABD1300A03FC5 /* ShoppingCart.swift */; };
		17825D991E3ABD3800A03FC5 /* ShoppingCartItem.swift in Sources */ = {isa = PBXBuildFile; fileRef = 17825D981E3ABD3800A03FC5 /* ShoppingCartItem.swift */; };
		17825D9D1E3AD4B400A03FC5 /* EcommerceCartTableViewController.swift in Sources */ = {isa = PBXBuildFile; fileRef = 17825D9C1E3AD4B400A03FC5 /* EcommerceCartTableViewController.swift */; };
		17825D9F1E3AD50F00A03FC5 /* CartTableViewCell.swift in Sources */ = {isa = PBXBuildFile; fileRef = 17825D9E1E3AD50F00A03FC5 /* CartTableViewCell.swift */; };
		17825DA11E3D30BC00A03FC5 /* CartTotalTableViewCell.swift in Sources */ = {isa = PBXBuildFile; fileRef = 17825DA01E3D30BC00A03FC5 /* CartTotalTableViewCell.swift */; };
		17825DA31E3D37A500A03FC5 /* CartPlaceOrderTableViewCell.swift in Sources */ = {isa = PBXBuildFile; fileRef = 17825DA21E3D37A500A03FC5 /* CartPlaceOrderTableViewCell.swift */; };
		1782C86C1E6285D200963945 /* StringConstants.swift in Sources */ = {isa = PBXBuildFile; fileRef = 1782C86B1E6285D200963945 /* StringConstants.swift */; };
		1782C86D1E6287A500963945 /* Ecommerce.storyboard in Resources */ = {isa = PBXBuildFile; fileRef = 1782C86F1E6287A500963945 /* Ecommerce.storyboard */; };
		1782C8791E63E15600963945 /* Localizable.strings in Resources */ = {isa = PBXBuildFile; fileRef = 1782C87B1E63E15600963945 /* Localizable.strings */; };
		1782C8B31E669B5800963945 /* ATCAPIManager.swift in Sources */ = {isa = PBXBuildFile; fileRef = 1782C8831E669B5800963945 /* ATCAPIManager.swift */; };
		1782C8B41E669B5900963945 /* ATCFacebookAPIManager.swift in Sources */ = {isa = PBXBuildFile; fileRef = 1782C8841E669B5800963945 /* ATCFacebookAPIManager.swift */; };
		1782C8B51E669B5900963945 /* Misc.xcassets in Resources */ = {isa = PBXBuildFile; fileRef = 1782C8861E669B5800963945 /* Misc.xcassets */; };
		1782C8B61E669B5900963945 /* ATCFirebaseLoginManager.swift in Sources */ = {isa = PBXBuildFile; fileRef = 1782C8891E669B5800963945 /* ATCFirebaseLoginManager.swift */; };
		1782C8B71E669B5900963945 /* ATCViewControllerFactory.swift in Sources */ = {isa = PBXBuildFile; fileRef = 1782C88A1E669B5800963945 /* ATCViewControllerFactory.swift */; };
		1782C8B81E669B5900963945 /* ATCBaseModel.swift in Sources */ = {isa = PBXBuildFile; fileRef = 1782C88C1E669B5800963945 /* ATCBaseModel.swift */; };
		1782C8B91E669B5900963945 /* ATCFacebookPost.swift in Sources */ = {isa = PBXBuildFile; fileRef = 1782C88D1E669B5800963945 /* ATCFacebookPost.swift */; };
		1782C8BA1E669B5900963945 /* ATCFacebookUser.swift in Sources */ = {isa = PBXBuildFile; fileRef = 1782C88E1E669B5800963945 /* ATCFacebookUser.swift */; };
		1782C8BB1E669B5900963945 /* ATCRSSFeed.swift in Sources */ = {isa = PBXBuildFile; fileRef = 1782C88F1E669B5800963945 /* ATCRSSFeed.swift */; };
		1782C8BC1E669B5900963945 /* ATCSettingsItem.swift in Sources */ = {isa = PBXBuildFile; fileRef = 1782C8901E669B5800963945 /* ATCSettingsItem.swift */; };
		1782C8BD1E669B5900963945 /* ATCUser.swift in Sources */ = {isa = PBXBuildFile; fileRef = 1782C8911E669B5800963945 /* ATCUser.swift */; };
		1782C8BE1E669B5900963945 /* ATCWordpressPost.swift in Sources */ = {isa = PBXBuildFile; fileRef = 1782C8921E669B5800963945 /* ATCWordpressPost.swift */; };
		1782C8BF1E669B5900963945 /* ATCNetworkingManager.swift in Sources */ = {isa = PBXBuildFile; fileRef = 1782C8941E669B5800963945 /* ATCNetworkingManager.swift */; };
		1782C8C01E669B5900963945 /* ATCStripeButtons.swift in Sources */ = {isa = PBXBuildFile; fileRef = 1782C8961E669B5800963945 /* ATCStripeButtons.swift */; };
		1782C8C11E669B5900963945 /* ATCStripeCheckoutRowView.swift in Sources */ = {isa = PBXBuildFile; fileRef = 1782C8971E669B5800963945 /* ATCStripeCheckoutRowView.swift */; };
		1782C8C21E669B5900963945 /* ATCStripeCheckoutViewController.swift in Sources */ = {isa = PBXBuildFile; fileRef = 1782C8981E669B5800963945 /* ATCStripeCheckoutViewController.swift */; };
		1782C8C31E669B5900963945 /* ATCStripeMyAPIClient.swift in Sources */ = {isa = PBXBuildFile; fileRef = 1782C8991E669B5800963945 /* ATCStripeMyAPIClient.swift */; };
		1782C8C41E669B5900963945 /* ATCStripeSettingsViewController.swift in Sources */ = {isa = PBXBuildFile; fileRef = 1782C89A1E669B5800963945 /* ATCStripeSettingsViewController.swift */; };
		1782C8C51E669B5900963945 /* ATCLoginViewController.swift in Sources */ = {isa = PBXBuildFile; fileRef = 1782C89C1E669B5800963945 /* ATCLoginViewController.swift */; };
		1782C8C61E669B5900963945 /* ATCLoginViewController.xib in Resources */ = {isa = PBXBuildFile; fileRef = 1782C89D1E669B5800963945 /* ATCLoginViewController.xib */; };
		1782C8C71E669B5900963945 /* ATCTableViewController.swift in Sources */ = {isa = PBXBuildFile; fileRef = 1782C89E1E669B5800963945 /* ATCTableViewController.swift */; };
		1782C8C81E669B5900963945 /* ATCHostViewController.swift in Sources */ = {isa = PBXBuildFile; fileRef = 1782C8A01E669B5800963945 /* ATCHostViewController.swift */; };
		1782C8C91E669B5900963945 /* ATCMenuHeaderTableViewCell.swift in Sources */ = {isa = PBXBuildFile; fileRef = 1782C8A11E669B5800963945 /* ATCMenuHeaderTableViewCell.swift */; };
		1782C8CA1E669B5900963945 /* ATCMenuHeaderTableViewCell.xib in Resources */ = {isa = PBXBuildFile; fileRef = 1782C8A21E669B5800963945 /* ATCMenuHeaderTableViewCell.xib */; };
		1782C8CB1E669B5900963945 /* ATCMenuTableViewCell.swift in Sources */ = {isa = PBXBuildFile; fileRef = 1782C8A31E669B5800963945 /* ATCMenuTableViewCell.swift */; };
		1782C8CC1E669B5900963945 /* ATCMenuTableViewCell.xib in Resources */ = {isa = PBXBuildFile; fileRef = 1782C8A41E669B5800963945 /* ATCMenuTableViewCell.xib */; };
		1782C8CD1E669B5900963945 /* ATCMenuTableViewController.swift in Sources */ = {isa = PBXBuildFile; fileRef = 1782C8A51E669B5800963945 /* ATCMenuTableViewController.swift */; };
		1782C8CE1E669B5900963945 /* ATCMenuTableViewController.xib in Resources */ = {isa = PBXBuildFile; fileRef = 1782C8A61E669B5800963945 /* ATCMenuTableViewController.xib */; };
		1782C8CF1E669B5900963945 /* ATCNavigationController.swift in Sources */ = {isa = PBXBuildFile; fileRef = 1782C8A71E669B5800963945 /* ATCNavigationController.swift */; };
		1782C8D01E669B5900963945 /* ATCNavigationDrawerController.swift in Sources */ = {isa = PBXBuildFile; fileRef = 1782C8A81E669B5800963945 /* ATCNavigationDrawerController.swift */; };
		1782C8D11E669B5900963945 /* ATCSettingsMoreTableViewCell.swift in Sources */ = {isa = PBXBuildFile; fileRef = 1782C8AA1E669B5800963945 /* ATCSettingsMoreTableViewCell.swift */; };
		1782C8D21E669B5900963945 /* ATCSettingsMoreTableViewCell.xib in Resources */ = {isa = PBXBuildFile; fileRef = 1782C8AB1E669B5800963945 /* ATCSettingsMoreTableViewCell.xib */; };
		1782C8D31E669B5900963945 /* ATCSettingsTableViewController.swift in Sources */ = {isa = PBXBuildFile; fileRef = 1782C8AC1E669B5800963945 /* ATCSettingsTableViewController.swift */; };
		1782C8D41E669B5900963945 /* ATCSettingsTextTableViewCell.swift in Sources */ = {isa = PBXBuildFile; fileRef = 1782C8AD1E669B5800963945 /* ATCSettingsTextTableViewCell.swift */; };
		1782C8D51E669B5900963945 /* ATCSettingsTextTableViewCell.xib in Resources */ = {isa = PBXBuildFile; fileRef = 1782C8AE1E669B5800963945 /* ATCSettingsTextTableViewCell.xib */; };
		1782C8D61E669B5900963945 /* ATCSettingsToggleTableViewCell.swift in Sources */ = {isa = PBXBuildFile; fileRef = 1782C8AF1E669B5800963945 /* ATCSettingsToggleTableViewCell.swift */; };
		1782C8D71E669B5900963945 /* ATCSettingsToggleTableViewCell.xib in Resources */ = {isa = PBXBuildFile; fileRef = 1782C8B01E669B5800963945 /* ATCSettingsToggleTableViewCell.xib */; };
		1782C8D81E669B5900963945 /* UIView.swift in Sources */ = {isa = PBXBuildFile; fileRef = 1782C8B21E669B5800963945 /* UIView.swift */; };
		17A206351E513D7C00CCC2C8 /* AppConfiguration.swift in Sources */ = {isa = PBXBuildFile; fileRef = 17A206341E513D7C00CCC2C8 /* AppConfiguration.swift */; };
		3C080925C4927DE51FF202F6 /* Pods_EcommerceApp.framework in Frameworks */ = {isa = PBXBuildFile; fileRef = A77003E3BA55AED5BB62B93B /* Pods_EcommerceApp.framework */; };
		FA0576782444346C0003908D /* SubCategory.swift in Sources */ = {isa = PBXBuildFile; fileRef = FA0576772444346C0003908D /* SubCategory.swift */; };
		FA05767C2444569E0003908D /* SubCategoriesViewController.swift in Sources */ = {isa = PBXBuildFile; fileRef = FA05767B2444569E0003908D /* SubCategoriesViewController.swift */; };
		FA1855CD2443331000650DBE /* SlideShowCollectionViewCell.swift in Sources */ = {isa = PBXBuildFile; fileRef = FA1855CC2443331000650DBE /* SlideShowCollectionViewCell.swift */; };
		FA26092B243EDC7A0096AED9 /* Slide.swift in Sources */ = {isa = PBXBuildFile; fileRef = FA26092A243EDC7A0096AED9 /* Slide.swift */; };
		FA26092F243EDE900096AED9 /* Slide.xib in Resources */ = {isa = PBXBuildFile; fileRef = FA26092E243EDE900096AED9 /* Slide.xib */; };
		FA2EA85224423CE000C0C96F /* CategoryCollectionViewCell.swift in Sources */ = {isa = PBXBuildFile; fileRef = FA2EA85124423CE000C0C96F /* CategoryCollectionViewCell.swift */; };
		FA34480C245EB06900F09D20 /* UserLoginViewController.swift in Sources */ = {isa = PBXBuildFile; fileRef = FA34480B245EB06900F09D20 /* UserLoginViewController.swift */; };
		FA3448492461C94900F09D20 /* FrontEndCustomButton.swift in Sources */ = {isa = PBXBuildFile; fileRef = FA3448482461C94900F09D20 /* FrontEndCustomButton.swift */; };
		FA34484B2461D76F00F09D20 /* UITextFieldFrontendCustomTextField.swift in Sources */ = {isa = PBXBuildFile; fileRef = FA34484A2461D76F00F09D20 /* UITextFieldFrontendCustomTextField.swift */; };
		FA34484D2461EBF200F09D20 /* FrontEndCustomView.swift in Sources */ = {isa = PBXBuildFile; fileRef = FA34484C2461EBF200F09D20 /* FrontEndCustomView.swift */; };
		FA34484F2462571400F09D20 /* ProductDetails.storyboard in Resources */ = {isa = PBXBuildFile; fileRef = FA34484E2462571400F09D20 /* ProductDetails.storyboard */; };
		FA3448522462580100F09D20 /* SubCategories.storyboard in Resources */ = {isa = PBXBuildFile; fileRef = FA3448512462580100F09D20 /* SubCategories.storyboard */; };
		FA344854246258BF00F09D20 /* Checkout.storyboard in Resources */ = {isa = PBXBuildFile; fileRef = FA344853246258BF00F09D20 /* Checkout.storyboard */; };
		FA34485724625A5F00F09D20 /* HomePage.storyboard in Resources */ = {isa = PBXBuildFile; fileRef = FA34485624625A5F00F09D20 /* HomePage.storyboard */; };
		FA34485924625B8700F09D20 /* Products.storyboard in Resources */ = {isa = PBXBuildFile; fileRef = FA34485824625B8700F09D20 /* Products.storyboard */; };
		FA34485C24625E0800F09D20 /* Categories.storyboard in Resources */ = {isa = PBXBuildFile; fileRef = FA34485B24625E0800F09D20 /* Categories.storyboard */; };
		FA34485F2462763B00F09D20 /* Setting.storyboard in Resources */ = {isa = PBXBuildFile; fileRef = FA34485E2462763B00F09D20 /* Setting.storyboard */; };
		FA3AF6BB245958D3007AB53E /* Orders.storyboard in Resources */ = {isa = PBXBuildFile; fileRef = FA3AF6BA245958D3007AB53E /* Orders.storyboard */; };
		FA3AF6BE24596718007AB53E /* UserViewController.swift in Sources */ = {isa = PBXBuildFile; fileRef = FA3AF6BD24596718007AB53E /* UserViewController.swift */; };
		FA3AF6C1245967BE007AB53E /* UserLogin.storyboard in Resources */ = {isa = PBXBuildFile; fileRef = FA3AF6C0245967BE007AB53E /* UserLogin.storyboard */; };
		FA3AF6C324596B46007AB53E /* LibMvcViewController.swift in Sources */ = {isa = PBXBuildFile; fileRef = FA3AF6C224596B46007AB53E /* LibMvcViewController.swift */; };
		FA3AF6C524596C47007AB53E /* OrdersViewController.swift in Sources */ = {isa = PBXBuildFile; fileRef = FA3AF6C424596C47007AB53E /* OrdersViewController.swift */; };
		FA3AF6CB24597BBD007AB53E /* OrderTableViewCell.swift in Sources */ = {isa = PBXBuildFile; fileRef = FA3AF6CA24597BBD007AB53E /* OrderTableViewCell.swift */; };
		FA3AF6CE24597C5C007AB53E /* Order.swift in Sources */ = {isa = PBXBuildFile; fileRef = FA3AF6CD24597C5C007AB53E /* Order.swift */; };
		FA3AF6D02459D9E5007AB53E /* Order.storyboard in Resources */ = {isa = PBXBuildFile; fileRef = FA3AF6CF2459D9E5007AB53E /* Order.storyboard */; };
		FA3AF6D22459DA9D007AB53E /* OrderViewController.swift in Sources */ = {isa = PBXBuildFile; fileRef = FA3AF6D12459DA9D007AB53E /* OrderViewController.swift */; };
		FA3AF6D6245B2170007AB53E /* FrontEndViewOrdersTmplProductCollectionViewCell.swift in Sources */ = {isa = PBXBuildFile; fileRef = FA3AF6D5245B2170007AB53E /* FrontEndViewOrdersTmplProductCollectionViewCell.swift */; };
		FA3DE2122448C5C900B03EEE /* ProductDetailsFullDescriptionViewController.swift in Sources */ = {isa = PBXBuildFile; fileRef = FA3DE2112448C5C900B03EEE /* ProductDetailsFullDescriptionViewController.swift */; };
		FA4417152457469300CA0BD3 /* LocationData.json in Resources */ = {isa = PBXBuildFile; fileRef = FA4417142457469300CA0BD3 /* LocationData.json */; };
		FA6CBF16244C727E007AF8C6 /* Factory.swift in Sources */ = {isa = PBXBuildFile; fileRef = FA6CBF15244C727E007AF8C6 /* Factory.swift */; };
		FA6CBF18244C7325007AF8C6 /* User.swift in Sources */ = {isa = PBXBuildFile; fileRef = FA6CBF17244C7325007AF8C6 /* User.swift */; };
		FA6CBF1A24504CDB007AF8C6 /* PaymentsViewController.swift in Sources */ = {isa = PBXBuildFile; fileRef = FA6CBF1924504CDB007AF8C6 /* PaymentsViewController.swift */; };
		FA6CBF1F2451DEC9007AF8C6 /* Payment.swift in Sources */ = {isa = PBXBuildFile; fileRef = FA6CBF1E2451DEC9007AF8C6 /* Payment.swift */; };
		FA6CBF232451E33C007AF8C6 /* PaymentTableViewCell.swift in Sources */ = {isa = PBXBuildFile; fileRef = FA6CBF222451E33C007AF8C6 /* PaymentTableViewCell.swift */; };
		FA6CBF2824525191007AF8C6 /* AddressCheckoutViewController.swift in Sources */ = {isa = PBXBuildFile; fileRef = FA6CBF2724525191007AF8C6 /* AddressCheckoutViewController.swift */; };
		FA6CBF4F2452CF65007AF8C6 /* FrontendModelsProduct.swift in Sources */ = {isa = PBXBuildFile; fileRef = FA6CBF4E2452CF65007AF8C6 /* FrontendModelsProduct.swift */; };
		FA6CBF582452D0B6007AF8C6 /* FrontendViewsProducts.swift in Sources */ = {isa = PBXBuildFile; fileRef = FA6CBF572452D0B6007AF8C6 /* FrontendViewsProducts.swift */; };
		FA6CBF5C2452D111007AF8C6 /* FrontendViewsCheckout.swift in Sources */ = {isa = PBXBuildFile; fileRef = FA6CBF5B2452D111007AF8C6 /* FrontendViewsCheckout.swift */; };
		FA6CBF5F2452D847007AF8C6 /* FrontendViewsProductsTmplList.storyboard in Resources */ = {isa = PBXBuildFile; fileRef = FA6CBF5E2452D847007AF8C6 /* FrontendViewsProductsTmplList.storyboard */; };
		FA6CBF632452E75F007AF8C6 /* LibraryUtilitiesUtility.swift in Sources */ = {isa = PBXBuildFile; fileRef = FA6CBF622452E75F007AF8C6 /* LibraryUtilitiesUtility.swift */; };
		FA6CBF6F24543068007AF8C6 /* FontAwesome.ttf in Resources */ = {isa = PBXBuildFile; fileRef = FA6CBF6E24543068007AF8C6 /* FontAwesome.ttf */; };
		FA6CBF832454328D007AF8C6 /* fa-brands-400.eot in Resources */ = {isa = PBXBuildFile; fileRef = FA6CBF742454328D007AF8C6 /* fa-brands-400.eot */; };
		FA6CBF842454328D007AF8C6 /* fa-brands-400.svg in Resources */ = {isa = PBXBuildFile; fileRef = FA6CBF752454328D007AF8C6 /* fa-brands-400.svg */; };
		FA6CBF852454328D007AF8C6 /* fa-brands-400.ttf in Resources */ = {isa = PBXBuildFile; fileRef = FA6CBF762454328D007AF8C6 /* fa-brands-400.ttf */; };
		FA6CBF862454328D007AF8C6 /* fa-brands-400.woff in Resources */ = {isa = PBXBuildFile; fileRef = FA6CBF772454328D007AF8C6 /* fa-brands-400.woff */; };
		FA6CBF872454328D007AF8C6 /* fa-brands-400.woff2 in Resources */ = {isa = PBXBuildFile; fileRef = FA6CBF782454328D007AF8C6 /* fa-brands-400.woff2 */; };
		FA6CBF882454328D007AF8C6 /* fa-regular-400.eot in Resources */ = {isa = PBXBuildFile; fileRef = FA6CBF792454328D007AF8C6 /* fa-regular-400.eot */; };
		FA6CBF892454328D007AF8C6 /* fa-regular-400.svg in Resources */ = {isa = PBXBuildFile; fileRef = FA6CBF7A2454328D007AF8C6 /* fa-regular-400.svg */; };
		FA6CBF8A2454328D007AF8C6 /* fa-regular-400.ttf in Resources */ = {isa = PBXBuildFile; fileRef = FA6CBF7B2454328D007AF8C6 /* fa-regular-400.ttf */; };
		FA6CBF8B2454328D007AF8C6 /* fa-regular-400.woff in Resources */ = {isa = PBXBuildFile; fileRef = FA6CBF7C2454328D007AF8C6 /* fa-regular-400.woff */; };
		FA6CBF8C2454328D007AF8C6 /* fa-regular-400.woff2 in Resources */ = {isa = PBXBuildFile; fileRef = FA6CBF7D2454328D007AF8C6 /* fa-regular-400.woff2 */; };
		FA6CBF8D2454328D007AF8C6 /* fa-solid-900.eot in Resources */ = {isa = PBXBuildFile; fileRef = FA6CBF7E2454328D007AF8C6 /* fa-solid-900.eot */; };
		FA6CBF8E2454328D007AF8C6 /* fa-solid-900.svg in Resources */ = {isa = PBXBuildFile; fileRef = FA6CBF7F2454328D007AF8C6 /* fa-solid-900.svg */; };
		FA6CBF8F2454328D007AF8C6 /* fa-solid-900.ttf in Resources */ = {isa = PBXBuildFile; fileRef = FA6CBF802454328D007AF8C6 /* fa-solid-900.ttf */; };
		FA6CBF902454328D007AF8C6 /* fa-solid-900.woff in Resources */ = {isa = PBXBuildFile; fileRef = FA6CBF812454328D007AF8C6 /* fa-solid-900.woff */; };
		FA6CBF912454328D007AF8C6 /* fa-solid-900.woff2 in Resources */ = {isa = PBXBuildFile; fileRef = FA6CBF822454328D007AF8C6 /* fa-solid-900.woff2 */; };
		FA6CBF93245496C5007AF8C6 /* SumaryCheckoutViewController.swift in Sources */ = {isa = PBXBuildFile; fileRef = FA6CBF92245496C5007AF8C6 /* SumaryCheckoutViewController.swift */; };
		FA6CBF952454A2D4007AF8C6 /* PaymentCollectionViewCell.swift in Sources */ = {isa = PBXBuildFile; fileRef = FA6CBF942454A2D4007AF8C6 /* PaymentCollectionViewCell.swift */; };
		FA6CBF9724558DD2007AF8C6 /* ThankyouViewController.swift in Sources */ = {isa = PBXBuildFile; fileRef = FA6CBF9624558DD2007AF8C6 /* ThankyouViewController.swift */; };
		FA738FA52449ECE2008BE704 /* ViewControllerUtils.swift in Sources */ = {isa = PBXBuildFile; fileRef = FA738FA42449ECE2008BE704 /* ViewControllerUtils.swift */; };
		FA738FA7244A0317008BE704 /* ByNowViewController.swift in Sources */ = {isa = PBXBuildFile; fileRef = FA738FA6244A0317008BE704 /* ByNowViewController.swift */; };
		FA7EB22A2439D01D0034092B /* note.txt in Resources */ = {isa = PBXBuildFile; fileRef = FA7EB2292439D01D0034092B /* note.txt */; };
		FAA920A8245C8B2F0019EDE1 /* checkout_steps.xib in Resources */ = {isa = PBXBuildFile; fileRef = FAA920A7245C8B2F0019EDE1 /* checkout_steps.xib */; };
		FAA920AA245C8B4C0019EDE1 /* checkout_steps.swift in Sources */ = {isa = PBXBuildFile; fileRef = FAA920A9245C8B4C0019EDE1 /* checkout_steps.swift */; };
		FAA920AC245D94790019EDE1 /* UserRegister.storyboard in Resources */ = {isa = PBXBuildFile; fileRef = FAA920AB245D94790019EDE1 /* UserRegister.storyboard */; };
		FAA920AE245D94CF0019EDE1 /* UserRegisterViewController.swift in Sources */ = {isa = PBXBuildFile; fileRef = FAA920AD245D94CF0019EDE1 /* UserRegisterViewController.swift */; };
		FABDBB56244466A200CEA175 /* SubCategoryTableViewCell.swift in Sources */ = {isa = PBXBuildFile; fileRef = FABDBB55244466A200CEA175 /* SubCategoryTableViewCell.swift */; };
		FABDBB582444B52300CEA175 /* Image.swift in Sources */ = {isa = PBXBuildFile; fileRef = FABDBB572444B52300CEA175 /* Image.swift */; };
		FABDBB5A24455EF300CEA175 /* ECCollectionViewCell.swift in Sources */ = {isa = PBXBuildFile; fileRef = FABDBB5924455EF300CEA175 /* ECCollectionViewCell.swift */; };
		FABDBB5C24455F7B00CEA175 /* ECTableViewCell.swift in Sources */ = {isa = PBXBuildFile; fileRef = FABDBB5B24455F7B00CEA175 /* ECTableViewCell.swift */; };
		FADCEA7C24573FB4001B9421 /* MapPathViewController.swift in Sources */ = {isa = PBXBuildFile; fileRef = FADCEA7B24573FB4001B9421 /* MapPathViewController.swift */; };
		FADCEA7E24573FEB001B9421 /* MapPath.swift in Sources */ = {isa = PBXBuildFile; fileRef = FADCEA7D24573FEB001B9421 /* MapPath.swift */; };
		FADCEA8024574016001B9421 /* MapPathViewModel.swift in Sources */ = {isa = PBXBuildFile; fileRef = FADCEA7F24574016001B9421 /* MapPathViewModel.swift */; };
		FAF45D90243F6FBC00BFB8AD /* HomeViewController.swift in Sources */ = {isa = PBXBuildFile; fileRef = FAF45D8F243F6FBC00BFB8AD /* HomeViewController.swift */; };
		FAF45D92243F923600BFB8AD /* PhotoCollectionViewCell.swift in Sources */ = {isa = PBXBuildFile; fileRef = FAF45D91243F923600BFB8AD /* PhotoCollectionViewCell.swift */; };
/* End PBXBuildFile section */

/* Begin PBXFileReference section */
		173DCFAF1E56B187001092C7 /* GoogleService-Info.plist */ = {isa = PBXFileReference; fileEncoding = 4; lastKnownFileType = text.plist.xml; path = "GoogleService-Info.plist"; sourceTree = "<group>"; };
		173DCFB11E58F598001092C7 /* CategoriesTableViewController.swift */ = {isa = PBXFileReference; fileEncoding = 4; lastKnownFileType = sourcecode.swift; name = CategoriesTableViewController.swift; path = ../CategoriesTableViewController.swift; sourceTree = "<group>"; };
		173DCFB31E58F5E4001092C7 /* CategoriesTableViewCell.swift */ = {isa = PBXFileReference; fileEncoding = 4; lastKnownFileType = sourcecode.swift; path = CategoriesTableViewCell.swift; sourceTree = "<group>"; };
		173DCFB51E58F8E2001092C7 /* Category.swift */ = {isa = PBXFileReference; fileEncoding = 4; lastKnownFileType = sourcecode.swift; path = Category.swift; sourceTree = "<group>"; };
		1767F7581E344B7100E8AD1F /* Product.swift */ = {isa = PBXFileReference; fileEncoding = 4; lastKnownFileType = sourcecode.swift; path = Product.swift; sourceTree = "<group>"; };
		1767F75A1E344E3100E8AD1F /* ProductCollectionViewController.swift */ = {isa = PBXFileReference; fileEncoding = 4; lastKnownFileType = sourcecode.swift; name = ProductCollectionViewController.swift; path = ../ProductCollectionViewController.swift; sourceTree = "<group>"; };
		1767F75C1E344E7800E8AD1F /* ProductCollectionViewCell.swift */ = {isa = PBXFileReference; fileEncoding = 4; lastKnownFileType = sourcecode.swift; path = ProductCollectionViewCell.swift; sourceTree = "<group>"; };
		177867421E33F86000BF7080 /* EcommerceApp.app */ = {isa = PBXFileReference; explicitFileType = wrapper.application; includeInIndex = 0; path = EcommerceApp.app; sourceTree = BUILT_PRODUCTS_DIR; };
		177867451E33F86000BF7080 /* AppDelegate.swift */ = {isa = PBXFileReference; lastKnownFileType = sourcecode.swift; path = AppDelegate.swift; sourceTree = "<group>"; };
		1778674C1E33F86000BF7080 /* Assets.xcassets */ = {isa = PBXFileReference; lastKnownFileType = folder.assetcatalog; path = Assets.xcassets; sourceTree = "<group>"; };
		1778674F1E33F86000BF7080 /* Base */ = {isa = PBXFileReference; lastKnownFileType = file.storyboard; name = Base; path = Base.lproj/LaunchScreen.storyboard; sourceTree = "<group>"; };
		177867511E33F86000BF7080 /* Info.plist */ = {isa = PBXFileReference; lastKnownFileType = text.plist.xml; path = Info.plist; sourceTree = "<group>"; };
		177867631E34147900BF7080 /* StoryboardEntityProvider.swift */ = {isa = PBXFileReference; fileEncoding = 4; lastKnownFileType = sourcecode.swift; name = StoryboardEntityProvider.swift; path = ../StoryboardEntityProvider.swift; sourceTree = "<group>"; };
		17825D8D1E356BF200A03FC5 /* ProductDetailsViewController.swift */ = {isa = PBXFileReference; fileEncoding = 4; lastKnownFileType = sourcecode.swift; name = ProductDetailsViewController.swift; path = ../ProductDetailsViewController.swift; sourceTree = "<group>"; };
		17825D8F1E356ED200A03FC5 /* ImageCollectionViewCell.swift */ = {isa = PBXFileReference; fileEncoding = 4; lastKnownFileType = sourcecode.swift; path = ImageCollectionViewCell.swift; sourceTree = "<group>"; };
		17825D921E3852C700A03FC5 /* ShoppingCartManager.swift */ = {isa = PBXFileReference; fileEncoding = 4; lastKnownFileType = sourcecode.swift; path = ShoppingCartManager.swift; sourceTree = "<group>"; };
		17825D961E3ABD1300A03FC5 /* ShoppingCart.swift */ = {isa = PBXFileReference; fileEncoding = 4; lastKnownFileType = sourcecode.swift; path = ShoppingCart.swift; sourceTree = "<group>"; };
		17825D981E3ABD3800A03FC5 /* ShoppingCartItem.swift */ = {isa = PBXFileReference; fileEncoding = 4; lastKnownFileType = sourcecode.swift; path = ShoppingCartItem.swift; sourceTree = "<group>"; };
		17825D9C1E3AD4B400A03FC5 /* EcommerceCartTableViewController.swift */ = {isa = PBXFileReference; fileEncoding = 4; lastKnownFileType = sourcecode.swift; path = EcommerceCartTableViewController.swift; sourceTree = "<group>"; };
		17825D9E1E3AD50F00A03FC5 /* CartTableViewCell.swift */ = {isa = PBXFileReference; fileEncoding = 4; lastKnownFileType = sourcecode.swift; path = CartTableViewCell.swift; sourceTree = "<group>"; };
		17825DA01E3D30BC00A03FC5 /* CartTotalTableViewCell.swift */ = {isa = PBXFileReference; fileEncoding = 4; lastKnownFileType = sourcecode.swift; path = CartTotalTableViewCell.swift; sourceTree = "<group>"; };
		17825DA21E3D37A500A03FC5 /* CartPlaceOrderTableViewCell.swift */ = {isa = PBXFileReference; fileEncoding = 4; lastKnownFileType = sourcecode.swift; path = CartPlaceOrderTableViewCell.swift; sourceTree = "<group>"; };
		1782C86B1E6285D200963945 /* StringConstants.swift */ = {isa = PBXFileReference; fileEncoding = 4; lastKnownFileType = sourcecode.swift; path = StringConstants.swift; sourceTree = "<group>"; };
		1782C86E1E6287A500963945 /* Base */ = {isa = PBXFileReference; lastKnownFileType = file.storyboard; name = Base; path = Base.lproj/Ecommerce.storyboard; sourceTree = "<group>"; };
		1782C8741E628DA400963945 /* es */ = {isa = PBXFileReference; lastKnownFileType = text.plist.strings; name = es; path = es.lproj/Ecommerce.strings; sourceTree = "<group>"; };
		1782C8751E628DA400963945 /* es */ = {isa = PBXFileReference; lastKnownFileType = text.plist.strings; name = es; path = es.lproj/LaunchScreen.strings; sourceTree = "<group>"; };
		1782C8761E63E04A00963945 /* en */ = {isa = PBXFileReference; lastKnownFileType = text.plist.strings; name = en; path = en.lproj/Ecommerce.strings; sourceTree = "<group>"; };
		1782C87A1E63E15600963945 /* es */ = {isa = PBXFileReference; lastKnownFileType = text.plist.strings; name = es; path = es.lproj/Localizable.strings; sourceTree = "<group>"; };
		1782C87D1E63E16B00963945 /* en */ = {isa = PBXFileReference; lastKnownFileType = text.plist.strings; name = en; path = en.lproj/Localizable.strings; sourceTree = "<group>"; };
		1782C8831E669B5800963945 /* ATCAPIManager.swift */ = {isa = PBXFileReference; fileEncoding = 4; lastKnownFileType = sourcecode.swift; path = ATCAPIManager.swift; sourceTree = "<group>"; };
		1782C8841E669B5800963945 /* ATCFacebookAPIManager.swift */ = {isa = PBXFileReference; fileEncoding = 4; lastKnownFileType = sourcecode.swift; path = ATCFacebookAPIManager.swift; sourceTree = "<group>"; };
		1782C8861E669B5800963945 /* Misc.xcassets */ = {isa = PBXFileReference; lastKnownFileType = folder.assetcatalog; path = Misc.xcassets; sourceTree = "<group>"; };
		1782C8891E669B5800963945 /* ATCFirebaseLoginManager.swift */ = {isa = PBXFileReference; fileEncoding = 4; lastKnownFileType = sourcecode.swift; path = ATCFirebaseLoginManager.swift; sourceTree = "<group>"; };
		1782C88A1E669B5800963945 /* ATCViewControllerFactory.swift */ = {isa = PBXFileReference; fileEncoding = 4; lastKnownFileType = sourcecode.swift; path = ATCViewControllerFactory.swift; sourceTree = "<group>"; };
		1782C88C1E669B5800963945 /* ATCBaseModel.swift */ = {isa = PBXFileReference; fileEncoding = 4; lastKnownFileType = sourcecode.swift; path = ATCBaseModel.swift; sourceTree = "<group>"; };
		1782C88D1E669B5800963945 /* ATCFacebookPost.swift */ = {isa = PBXFileReference; fileEncoding = 4; lastKnownFileType = sourcecode.swift; path = ATCFacebookPost.swift; sourceTree = "<group>"; };
		1782C88E1E669B5800963945 /* ATCFacebookUser.swift */ = {isa = PBXFileReference; fileEncoding = 4; lastKnownFileType = sourcecode.swift; path = ATCFacebookUser.swift; sourceTree = "<group>"; };
		1782C88F1E669B5800963945 /* ATCRSSFeed.swift */ = {isa = PBXFileReference; fileEncoding = 4; lastKnownFileType = sourcecode.swift; path = ATCRSSFeed.swift; sourceTree = "<group>"; };
		1782C8901E669B5800963945 /* ATCSettingsItem.swift */ = {isa = PBXFileReference; fileEncoding = 4; lastKnownFileType = sourcecode.swift; path = ATCSettingsItem.swift; sourceTree = "<group>"; };
		1782C8911E669B5800963945 /* ATCUser.swift */ = {isa = PBXFileReference; fileEncoding = 4; lastKnownFileType = sourcecode.swift; path = ATCUser.swift; sourceTree = "<group>"; };
		1782C8921E669B5800963945 /* ATCWordpressPost.swift */ = {isa = PBXFileReference; fileEncoding = 4; lastKnownFileType = sourcecode.swift; path = ATCWordpressPost.swift; sourceTree = "<group>"; };
		1782C8941E669B5800963945 /* ATCNetworkingManager.swift */ = {isa = PBXFileReference; fileEncoding = 4; lastKnownFileType = sourcecode.swift; path = ATCNetworkingManager.swift; sourceTree = "<group>"; };
		1782C8961E669B5800963945 /* ATCStripeButtons.swift */ = {isa = PBXFileReference; fileEncoding = 4; lastKnownFileType = sourcecode.swift; path = ATCStripeButtons.swift; sourceTree = "<group>"; };
		1782C8971E669B5800963945 /* ATCStripeCheckoutRowView.swift */ = {isa = PBXFileReference; fileEncoding = 4; lastKnownFileType = sourcecode.swift; path = ATCStripeCheckoutRowView.swift; sourceTree = "<group>"; };
		1782C8981E669B5800963945 /* ATCStripeCheckoutViewController.swift */ = {isa = PBXFileReference; fileEncoding = 4; lastKnownFileType = sourcecode.swift; path = ATCStripeCheckoutViewController.swift; sourceTree = "<group>"; };
		1782C8991E669B5800963945 /* ATCStripeMyAPIClient.swift */ = {isa = PBXFileReference; fileEncoding = 4; lastKnownFileType = sourcecode.swift; path = ATCStripeMyAPIClient.swift; sourceTree = "<group>"; };
		1782C89A1E669B5800963945 /* ATCStripeSettingsViewController.swift */ = {isa = PBXFileReference; fileEncoding = 4; lastKnownFileType = sourcecode.swift; path = ATCStripeSettingsViewController.swift; sourceTree = "<group>"; };
		1782C89C1E669B5800963945 /* ATCLoginViewController.swift */ = {isa = PBXFileReference; fileEncoding = 4; lastKnownFileType = sourcecode.swift; path = ATCLoginViewController.swift; sourceTree = "<group>"; };
		1782C89D1E669B5800963945 /* ATCLoginViewController.xib */ = {isa = PBXFileReference; fileEncoding = 4; lastKnownFileType = file.xib; path = ATCLoginViewController.xib; sourceTree = "<group>"; };
		1782C89E1E669B5800963945 /* ATCTableViewController.swift */ = {isa = PBXFileReference; fileEncoding = 4; lastKnownFileType = sourcecode.swift; path = ATCTableViewController.swift; sourceTree = "<group>"; };
		1782C8A01E669B5800963945 /* ATCHostViewController.swift */ = {isa = PBXFileReference; fileEncoding = 4; lastKnownFileType = sourcecode.swift; path = ATCHostViewController.swift; sourceTree = "<group>"; };
		1782C8A11E669B5800963945 /* ATCMenuHeaderTableViewCell.swift */ = {isa = PBXFileReference; fileEncoding = 4; lastKnownFileType = sourcecode.swift; path = ATCMenuHeaderTableViewCell.swift; sourceTree = "<group>"; };
		1782C8A21E669B5800963945 /* ATCMenuHeaderTableViewCell.xib */ = {isa = PBXFileReference; fileEncoding = 4; lastKnownFileType = file.xib; path = ATCMenuHeaderTableViewCell.xib; sourceTree = "<group>"; };
		1782C8A31E669B5800963945 /* ATCMenuTableViewCell.swift */ = {isa = PBXFileReference; fileEncoding = 4; lastKnownFileType = sourcecode.swift; path = ATCMenuTableViewCell.swift; sourceTree = "<group>"; };
		1782C8A41E669B5800963945 /* ATCMenuTableViewCell.xib */ = {isa = PBXFileReference; fileEncoding = 4; lastKnownFileType = file.xib; path = ATCMenuTableViewCell.xib; sourceTree = "<group>"; };
		1782C8A51E669B5800963945 /* ATCMenuTableViewController.swift */ = {isa = PBXFileReference; fileEncoding = 4; lastKnownFileType = sourcecode.swift; path = ATCMenuTableViewController.swift; sourceTree = "<group>"; };
		1782C8A61E669B5800963945 /* ATCMenuTableViewController.xib */ = {isa = PBXFileReference; fileEncoding = 4; lastKnownFileType = file.xib; path = ATCMenuTableViewController.xib; sourceTree = "<group>"; };
		1782C8A71E669B5800963945 /* ATCNavigationController.swift */ = {isa = PBXFileReference; fileEncoding = 4; lastKnownFileType = sourcecode.swift; path = ATCNavigationController.swift; sourceTree = "<group>"; };
		1782C8A81E669B5800963945 /* ATCNavigationDrawerController.swift */ = {isa = PBXFileReference; fileEncoding = 4; lastKnownFileType = sourcecode.swift; path = ATCNavigationDrawerController.swift; sourceTree = "<group>"; };
		1782C8AA1E669B5800963945 /* ATCSettingsMoreTableViewCell.swift */ = {isa = PBXFileReference; fileEncoding = 4; lastKnownFileType = sourcecode.swift; path = ATCSettingsMoreTableViewCell.swift; sourceTree = "<group>"; };
		1782C8AB1E669B5800963945 /* ATCSettingsMoreTableViewCell.xib */ = {isa = PBXFileReference; fileEncoding = 4; lastKnownFileType = file.xib; path = ATCSettingsMoreTableViewCell.xib; sourceTree = "<group>"; };
		1782C8AC1E669B5800963945 /* ATCSettingsTableViewController.swift */ = {isa = PBXFileReference; fileEncoding = 4; lastKnownFileType = sourcecode.swift; path = ATCSettingsTableViewController.swift; sourceTree = "<group>"; };
		1782C8AD1E669B5800963945 /* ATCSettingsTextTableViewCell.swift */ = {isa = PBXFileReference; fileEncoding = 4; lastKnownFileType = sourcecode.swift; path = ATCSettingsTextTableViewCell.swift; sourceTree = "<group>"; };
		1782C8AE1E669B5800963945 /* ATCSettingsTextTableViewCell.xib */ = {isa = PBXFileReference; fileEncoding = 4; lastKnownFileType = file.xib; path = ATCSettingsTextTableViewCell.xib; sourceTree = "<group>"; };
		1782C8AF1E669B5800963945 /* ATCSettingsToggleTableViewCell.swift */ = {isa = PBXFileReference; fileEncoding = 4; lastKnownFileType = sourcecode.swift; path = ATCSettingsToggleTableViewCell.swift; sourceTree = "<group>"; };
		1782C8B01E669B5800963945 /* ATCSettingsToggleTableViewCell.xib */ = {isa = PBXFileReference; fileEncoding = 4; lastKnownFileType = file.xib; path = ATCSettingsToggleTableViewCell.xib; sourceTree = "<group>"; };
		1782C8B21E669B5800963945 /* UIView.swift */ = {isa = PBXFileReference; fileEncoding = 4; lastKnownFileType = sourcecode.swift; path = UIView.swift; sourceTree = "<group>"; };
		17A206341E513D7C00CCC2C8 /* AppConfiguration.swift */ = {isa = PBXFileReference; fileEncoding = 4; lastKnownFileType = sourcecode.swift; path = AppConfiguration.swift; sourceTree = "<group>"; };
		1EA0814B1EFE100BECD440B2 /* Pods-EcommerceApp.debug.xcconfig */ = {isa = PBXFileReference; includeInIndex = 1; lastKnownFileType = text.xcconfig; name = "Pods-EcommerceApp.debug.xcconfig"; path = "Pods/Target Support Files/Pods-EcommerceApp/Pods-EcommerceApp.debug.xcconfig"; sourceTree = "<group>"; };
		84C4903F70CB6CB03F788679 /* Pods-EcommerceApp.release.xcconfig */ = {isa = PBXFileReference; includeInIndex = 1; lastKnownFileType = text.xcconfig; name = "Pods-EcommerceApp.release.xcconfig"; path = "Pods/Target Support Files/Pods-EcommerceApp/Pods-EcommerceApp.release.xcconfig"; sourceTree = "<group>"; };
		A77003E3BA55AED5BB62B93B /* Pods_EcommerceApp.framework */ = {isa = PBXFileReference; explicitFileType = wrapper.framework; includeInIndex = 0; path = Pods_EcommerceApp.framework; sourceTree = BUILT_PRODUCTS_DIR; };
		FA0576772444346C0003908D /* SubCategory.swift */ = {isa = PBXFileReference; lastKnownFileType = sourcecode.swift; path = SubCategory.swift; sourceTree = "<group>"; };
		FA05767B2444569E0003908D /* SubCategoriesViewController.swift */ = {isa = PBXFileReference; lastKnownFileType = sourcecode.swift; path = SubCategoriesViewController.swift; sourceTree = "<group>"; };
		FA1855CC2443331000650DBE /* SlideShowCollectionViewCell.swift */ = {isa = PBXFileReference; lastKnownFileType = sourcecode.swift; path = SlideShowCollectionViewCell.swift; sourceTree = "<group>"; };
		FA26092A243EDC7A0096AED9 /* Slide.swift */ = {isa = PBXFileReference; lastKnownFileType = sourcecode.swift; path = Slide.swift; sourceTree = "<group>"; };
		FA26092E243EDE900096AED9 /* Slide.xib */ = {isa = PBXFileReference; lastKnownFileType = file.xib; path = Slide.xib; sourceTree = "<group>"; };
		FA2EA85124423CE000C0C96F /* CategoryCollectionViewCell.swift */ = {isa = PBXFileReference; lastKnownFileType = sourcecode.swift; path = CategoryCollectionViewCell.swift; sourceTree = "<group>"; };
		FA34480B245EB06900F09D20 /* UserLoginViewController.swift */ = {isa = PBXFileReference; fileEncoding = 4; lastKnownFileType = sourcecode.swift; path = UserLoginViewController.swift; sourceTree = "<group>"; };
		FA3448482461C94900F09D20 /* FrontEndCustomButton.swift */ = {isa = PBXFileReference; lastKnownFileType = sourcecode.swift; path = FrontEndCustomButton.swift; sourceTree = "<group>"; };
		FA34484A2461D76F00F09D20 /* UITextFieldFrontendCustomTextField.swift */ = {isa = PBXFileReference; lastKnownFileType = sourcecode.swift; path = UITextFieldFrontendCustomTextField.swift; sourceTree = "<group>"; };
		FA34484C2461EBF200F09D20 /* FrontEndCustomView.swift */ = {isa = PBXFileReference; lastKnownFileType = sourcecode.swift; path = FrontEndCustomView.swift; sourceTree = "<group>"; };
		FA34484E2462571400F09D20 /* ProductDetails.storyboard */ = {isa = PBXFileReference; lastKnownFileType = file.storyboard; path = ProductDetails.storyboard; sourceTree = "<group>"; };
		FA3448512462580100F09D20 /* SubCategories.storyboard */ = {isa = PBXFileReference; lastKnownFileType = file.storyboard; path = SubCategories.storyboard; sourceTree = "<group>"; };
		FA344853246258BF00F09D20 /* Checkout.storyboard */ = {isa = PBXFileReference; lastKnownFileType = file.storyboard; path = Checkout.storyboard; sourceTree = "<group>"; };
		FA34485624625A5F00F09D20 /* HomePage.storyboard */ = {isa = PBXFileReference; lastKnownFileType = file.storyboard; path = HomePage.storyboard; sourceTree = "<group>"; };
		FA34485824625B8700F09D20 /* Products.storyboard */ = {isa = PBXFileReference; lastKnownFileType = file.storyboard; path = Products.storyboard; sourceTree = "<group>"; };
		FA34485B24625E0800F09D20 /* Categories.storyboard */ = {isa = PBXFileReference; lastKnownFileType = file.storyboard; path = Categories.storyboard; sourceTree = "<group>"; };
		FA34485E2462763B00F09D20 /* Setting.storyboard */ = {isa = PBXFileReference; lastKnownFileType = file.storyboard; path = Setting.storyboard; sourceTree = "<group>"; };
		FA3AF6B624591D00007AB53E /* LibMvcViewController1.swift */ = {isa = PBXFileReference; lastKnownFileType = sourcecode.swift; path = LibMvcViewController1.swift; sourceTree = "<group>"; };
		FA3AF6BA245958D3007AB53E /* Orders.storyboard */ = {isa = PBXFileReference; lastKnownFileType = file.storyboard; path = Orders.storyboard; sourceTree = "<group>"; };
		FA3AF6BD24596718007AB53E /* UserViewController.swift */ = {isa = PBXFileReference; lastKnownFileType = sourcecode.swift; path = UserViewController.swift; sourceTree = "<group>"; };
		FA3AF6C0245967BE007AB53E /* UserLogin.storyboard */ = {isa = PBXFileReference; lastKnownFileType = file.storyboard; path = UserLogin.storyboard; sourceTree = "<group>"; };
		FA3AF6C224596B46007AB53E /* LibMvcViewController.swift */ = {isa = PBXFileReference; lastKnownFileType = sourcecode.swift; path = LibMvcViewController.swift; sourceTree = "<group>"; };
		FA3AF6C424596C47007AB53E /* OrdersViewController.swift */ = {isa = PBXFileReference; lastKnownFileType = sourcecode.swift; path = OrdersViewController.swift; sourceTree = "<group>"; };
		FA3AF6CA24597BBD007AB53E /* OrderTableViewCell.swift */ = {isa = PBXFileReference; lastKnownFileType = sourcecode.swift; path = OrderTableViewCell.swift; sourceTree = "<group>"; };
		FA3AF6CD24597C5C007AB53E /* Order.swift */ = {isa = PBXFileReference; lastKnownFileType = sourcecode.swift; path = Order.swift; sourceTree = "<group>"; };
		FA3AF6CF2459D9E5007AB53E /* Order.storyboard */ = {isa = PBXFileReference; fileEncoding = 4; lastKnownFileType = file.storyboard; path = Order.storyboard; sourceTree = "<group>"; };
		FA3AF6D12459DA9D007AB53E /* OrderViewController.swift */ = {isa = PBXFileReference; fileEncoding = 4; lastKnownFileType = sourcecode.swift; path = OrderViewController.swift; sourceTree = "<group>"; };
		FA3AF6D5245B2170007AB53E /* FrontEndViewOrdersTmplProductCollectionViewCell.swift */ = {isa = PBXFileReference; lastKnownFileType = sourcecode.swift; path = FrontEndViewOrdersTmplProductCollectionViewCell.swift; sourceTree = "<group>"; };
		FA3DE2112448C5C900B03EEE /* ProductDetailsFullDescriptionViewController.swift */ = {isa = PBXFileReference; lastKnownFileType = sourcecode.swift; name = ProductDetailsFullDescriptionViewController.swift; path = ../ProductDetailsFullDescriptionViewController.swift; sourceTree = "<group>"; };
		FA4417142457469300CA0BD3 /* LocationData.json */ = {isa = PBXFileReference; lastKnownFileType = text.json; path = LocationData.json; sourceTree = "<group>"; };
		FA6CBF15244C727E007AF8C6 /* Factory.swift */ = {isa = PBXFileReference; lastKnownFileType = sourcecode.swift; path = Factory.swift; sourceTree = "<group>"; };
		FA6CBF17244C7325007AF8C6 /* User.swift */ = {isa = PBXFileReference; lastKnownFileType = sourcecode.swift; path = User.swift; sourceTree = "<group>"; };
		FA6CBF1924504CDB007AF8C6 /* PaymentsViewController.swift */ = {isa = PBXFileReference; lastKnownFileType = sourcecode.swift; path = PaymentsViewController.swift; sourceTree = "<group>"; };
		FA6CBF1E2451DEC9007AF8C6 /* Payment.swift */ = {isa = PBXFileReference; lastKnownFileType = sourcecode.swift; path = Payment.swift; sourceTree = "<group>"; };
		FA6CBF222451E33C007AF8C6 /* PaymentTableViewCell.swift */ = {isa = PBXFileReference; lastKnownFileType = sourcecode.swift; path = PaymentTableViewCell.swift; sourceTree = "<group>"; };
		FA6CBF2724525191007AF8C6 /* AddressCheckoutViewController.swift */ = {isa = PBXFileReference; fileEncoding = 4; lastKnownFileType = sourcecode.swift; path = AddressCheckoutViewController.swift; sourceTree = "<group>"; };
		FA6CBF4E2452CF65007AF8C6 /* FrontendModelsProduct.swift */ = {isa = PBXFileReference; lastKnownFileType = sourcecode.swift; path = FrontendModelsProduct.swift; sourceTree = "<group>"; };
		FA6CBF572452D0B6007AF8C6 /* FrontendViewsProducts.swift */ = {isa = PBXFileReference; lastKnownFileType = sourcecode.swift; path = FrontendViewsProducts.swift; sourceTree = "<group>"; };
		FA6CBF5B2452D111007AF8C6 /* FrontendViewsCheckout.swift */ = {isa = PBXFileReference; lastKnownFileType = sourcecode.swift; path = FrontendViewsCheckout.swift; sourceTree = "<group>"; };
		FA6CBF5E2452D847007AF8C6 /* FrontendViewsProductsTmplList.storyboard */ = {isa = PBXFileReference; lastKnownFileType = file.storyboard; path = FrontendViewsProductsTmplList.storyboard; sourceTree = "<group>"; };
		FA6CBF622452E75F007AF8C6 /* LibraryUtilitiesUtility.swift */ = {isa = PBXFileReference; lastKnownFileType = sourcecode.swift; path = LibraryUtilitiesUtility.swift; sourceTree = "<group>"; };
		FA6CBF6E24543068007AF8C6 /* FontAwesome.ttf */ = {isa = PBXFileReference; lastKnownFileType = file; path = FontAwesome.ttf; sourceTree = "<group>"; };
		FA6CBF742454328D007AF8C6 /* fa-brands-400.eot */ = {isa = PBXFileReference; lastKnownFileType = file; path = "fa-brands-400.eot"; sourceTree = "<group>"; };
		FA6CBF752454328D007AF8C6 /* fa-brands-400.svg */ = {isa = PBXFileReference; fileEncoding = 4; lastKnownFileType = text.xml; path = "fa-brands-400.svg"; sourceTree = "<group>"; };
		FA6CBF762454328D007AF8C6 /* fa-brands-400.ttf */ = {isa = PBXFileReference; lastKnownFileType = file; path = "fa-brands-400.ttf"; sourceTree = "<group>"; };
		FA6CBF772454328D007AF8C6 /* fa-brands-400.woff */ = {isa = PBXFileReference; lastKnownFileType = file; path = "fa-brands-400.woff"; sourceTree = "<group>"; };
		FA6CBF782454328D007AF8C6 /* fa-brands-400.woff2 */ = {isa = PBXFileReference; lastKnownFileType = file; path = "fa-brands-400.woff2"; sourceTree = "<group>"; };
		FA6CBF792454328D007AF8C6 /* fa-regular-400.eot */ = {isa = PBXFileReference; lastKnownFileType = file; path = "fa-regular-400.eot"; sourceTree = "<group>"; };
		FA6CBF7A2454328D007AF8C6 /* fa-regular-400.svg */ = {isa = PBXFileReference; fileEncoding = 4; lastKnownFileType = text.xml; path = "fa-regular-400.svg"; sourceTree = "<group>"; };
		FA6CBF7B2454328D007AF8C6 /* fa-regular-400.ttf */ = {isa = PBXFileReference; lastKnownFileType = file; path = "fa-regular-400.ttf"; sourceTree = "<group>"; };
		FA6CBF7C2454328D007AF8C6 /* fa-regular-400.woff */ = {isa = PBXFileReference; lastKnownFileType = file; path = "fa-regular-400.woff"; sourceTree = "<group>"; };
		FA6CBF7D2454328D007AF8C6 /* fa-regular-400.woff2 */ = {isa = PBXFileReference; lastKnownFileType = file; path = "fa-regular-400.woff2"; sourceTree = "<group>"; };
		FA6CBF7E2454328D007AF8C6 /* fa-solid-900.eot */ = {isa = PBXFileReference; lastKnownFileType = file; path = "fa-solid-900.eot"; sourceTree = "<group>"; };
		FA6CBF7F2454328D007AF8C6 /* fa-solid-900.svg */ = {isa = PBXFileReference; fileEncoding = 4; lastKnownFileType = text.xml; path = "fa-solid-900.svg"; sourceTree = "<group>"; };
		FA6CBF802454328D007AF8C6 /* fa-solid-900.ttf */ = {isa = PBXFileReference; lastKnownFileType = file; path = "fa-solid-900.ttf"; sourceTree = "<group>"; };
		FA6CBF812454328D007AF8C6 /* fa-solid-900.woff */ = {isa = PBXFileReference; lastKnownFileType = file; path = "fa-solid-900.woff"; sourceTree = "<group>"; };
		FA6CBF822454328D007AF8C6 /* fa-solid-900.woff2 */ = {isa = PBXFileReference; lastKnownFileType = file; path = "fa-solid-900.woff2"; sourceTree = "<group>"; };
		FA6CBF92245496C5007AF8C6 /* SumaryCheckoutViewController.swift */ = {isa = PBXFileReference; fileEncoding = 4; lastKnownFileType = sourcecode.swift; path = SumaryCheckoutViewController.swift; sourceTree = "<group>"; };
		FA6CBF942454A2D4007AF8C6 /* PaymentCollectionViewCell.swift */ = {isa = PBXFileReference; fileEncoding = 4; lastKnownFileType = sourcecode.swift; path = PaymentCollectionViewCell.swift; sourceTree = "<group>"; };
		FA6CBF9624558DD2007AF8C6 /* ThankyouViewController.swift */ = {isa = PBXFileReference; fileEncoding = 4; lastKnownFileType = sourcecode.swift; path = ThankyouViewController.swift; sourceTree = "<group>"; };
		FA738FA42449ECE2008BE704 /* ViewControllerUtils.swift */ = {isa = PBXFileReference; lastKnownFileType = sourcecode.swift; path = ViewControllerUtils.swift; sourceTree = "<group>"; };
		FA738FA6244A0317008BE704 /* ByNowViewController.swift */ = {isa = PBXFileReference; lastKnownFileType = sourcecode.swift; path = ByNowViewController.swift; sourceTree = "<group>"; };
		FA7EB2292439D01D0034092B /* note.txt */ = {isa = PBXFileReference; lastKnownFileType = text; path = note.txt; sourceTree = "<group>"; };
		FAA920A7245C8B2F0019EDE1 /* checkout_steps.xib */ = {isa = PBXFileReference; lastKnownFileType = file.xib; path = checkout_steps.xib; sourceTree = "<group>"; };
		FAA920A9245C8B4C0019EDE1 /* checkout_steps.swift */ = {isa = PBXFileReference; lastKnownFileType = sourcecode.swift; path = checkout_steps.swift; sourceTree = "<group>"; };
		FAA920AB245D94790019EDE1 /* UserRegister.storyboard */ = {isa = PBXFileReference; fileEncoding = 4; lastKnownFileType = file.storyboard; path = UserRegister.storyboard; sourceTree = "<group>"; };
		FAA920AD245D94CF0019EDE1 /* UserRegisterViewController.swift */ = {isa = PBXFileReference; fileEncoding = 4; lastKnownFileType = sourcecode.swift; path = UserRegisterViewController.swift; sourceTree = "<group>"; };
		FABDBB55244466A200CEA175 /* SubCategoryTableViewCell.swift */ = {isa = PBXFileReference; lastKnownFileType = sourcecode.swift; path = SubCategoryTableViewCell.swift; sourceTree = "<group>"; };
		FABDBB572444B52300CEA175 /* Image.swift */ = {isa = PBXFileReference; lastKnownFileType = sourcecode.swift; path = Image.swift; sourceTree = "<group>"; };
		FABDBB5924455EF300CEA175 /* ECCollectionViewCell.swift */ = {isa = PBXFileReference; lastKnownFileType = sourcecode.swift; path = ECCollectionViewCell.swift; sourceTree = "<group>"; };
		FABDBB5B24455F7B00CEA175 /* ECTableViewCell.swift */ = {isa = PBXFileReference; lastKnownFileType = sourcecode.swift; path = ECTableViewCell.swift; sourceTree = "<group>"; };
		FADCEA7B24573FB4001B9421 /* MapPathViewController.swift */ = {isa = PBXFileReference; lastKnownFileType = sourcecode.swift; path = MapPathViewController.swift; sourceTree = "<group>"; };
		FADCEA7D24573FEB001B9421 /* MapPath.swift */ = {isa = PBXFileReference; lastKnownFileType = sourcecode.swift; path = MapPath.swift; sourceTree = "<group>"; };
		FADCEA7F24574016001B9421 /* MapPathViewModel.swift */ = {isa = PBXFileReference; lastKnownFileType = sourcecode.swift; path = MapPathViewModel.swift; sourceTree = "<group>"; };
		FAF45D8F243F6FBC00BFB8AD /* HomeViewController.swift */ = {isa = PBXFileReference; lastKnownFileType = sourcecode.swift; path = HomeViewController.swift; sourceTree = "<group>"; };
		FAF45D91243F923600BFB8AD /* PhotoCollectionViewCell.swift */ = {isa = PBXFileReference; lastKnownFileType = sourcecode.swift; path = PhotoCollectionViewCell.swift; sourceTree = "<group>"; };
/* End PBXFileReference section */

/* Begin PBXFrameworksBuildPhase section */
		1778673F1E33F86000BF7080 /* Frameworks */ = {
			isa = PBXFrameworksBuildPhase;
			buildActionMask = 2147483647;
			files = (
				3C080925C4927DE51FF202F6 /* Pods_EcommerceApp.framework in Frameworks */,
			);
			runOnlyForDeploymentPostprocessing = 0;
		};
/* End PBXFrameworksBuildPhase section */

/* Begin PBXGroup section */
		1767F7571E344B5000E8AD1F /* Models */ = {
			isa = PBXGroup;
			children = (
				17825D961E3ABD1300A03FC5 /* ShoppingCart.swift */,
				FABDBB572444B52300CEA175 /* Image.swift */,
				FA6CBF1E2451DEC9007AF8C6 /* Payment.swift */,
				17825D981E3ABD3800A03FC5 /* ShoppingCartItem.swift */,
				173DCFB51E58F8E2001092C7 /* Category.swift */,
				FADCEA7D24573FEB001B9421 /* MapPath.swift */,
				FADCEA7F24574016001B9421 /* MapPathViewModel.swift */,
			);
			path = Models;
			sourceTree = "<group>";
		};
		177867391E33F86000BF7080 = {
			isa = PBXGroup;
			children = (
				FA4417142457469300CA0BD3 /* LocationData.json */,
				FA6CBF6E24543068007AF8C6 /* FontAwesome.ttf */,
				FA7EB2292439D01D0034092B /* note.txt */,
				1782C8811E669B5800963945 /* AppTemplatesCore */,
				177867441E33F86000BF7080 /* EcommerceApp */,
				177867431E33F86000BF7080 /* Products */,
				82CD3256CE16FFE46DA1DC78 /* Pods */,
				58F0A209252D84E7964F9BF0 /* Frameworks */,
			);
			sourceTree = "<group>";
		};
		177867431E33F86000BF7080 /* Products */ = {
			isa = PBXGroup;
			children = (
				177867421E33F86000BF7080 /* EcommerceApp.app */,
			);
			name = Products;
			sourceTree = "<group>";
		};
		177867441E33F86000BF7080 /* EcommerceApp */ = {
			isa = PBXGroup;
			children = (
				FA6CBF7024543191007AF8C6 /* Frontend */,
				FA6CBF402452CE96007AF8C6 /* App */,
				FA6CBF392452CDFF007AF8C6 /* Admin */,
				FA6CBF242451FD80007AF8C6 /* Library */,
				FA260929243EDC400096AED9 /* Slideshow */,
				1782C8731E6289AD00963945 /* Supporting Files */,
				1782C86A1E6285A600963945 /* Configuration */,
				1782C8671E62717000963945 /* Views */,
				1767F7571E344B5000E8AD1F /* Models */,
				17825D911E38529E00A03FC5 /* Controllers */,
				177867451E33F86000BF7080 /* AppDelegate.swift */,
				1778674C1E33F86000BF7080 /* Assets.xcassets */,
				177867511E33F86000BF7080 /* Info.plist */,
				173DCFAF1E56B187001092C7 /* GoogleService-Info.plist */,
			);
			path = EcommerceApp;
			sourceTree = "<group>";
		};
		17825D911E38529E00A03FC5 /* Controllers */ = {
			isa = PBXGroup;
			children = (
				177867631E34147900BF7080 /* StoryboardEntityProvider.swift */,
				17825D921E3852C700A03FC5 /* ShoppingCartManager.swift */,
			);
			path = Controllers;
			sourceTree = "<group>";
		};
		1782C8671E62717000963945 /* Views */ = {
			isa = PBXGroup;
			children = (
				1782C86F1E6287A500963945 /* Ecommerce.storyboard */,
				1778674E1E33F86000BF7080 /* LaunchScreen.storyboard */,
				1782C8691E62719300963945 /* View Controllers */,
				1782C8681E62717800963945 /* Cells */,
			);
			name = Views;
			sourceTree = "<group>";
		};
		1782C8681E62717800963945 /* Cells */ = {
			isa = PBXGroup;
			children = (
				1767F75C1E344E7800E8AD1F /* ProductCollectionViewCell.swift */,
				17825D8F1E356ED200A03FC5 /* ImageCollectionViewCell.swift */,
				FABDBB5924455EF300CEA175 /* ECCollectionViewCell.swift */,
				17825D9E1E3AD50F00A03FC5 /* CartTableViewCell.swift */,
				FABDBB55244466A200CEA175 /* SubCategoryTableViewCell.swift */,
				FA6CBF222451E33C007AF8C6 /* PaymentTableViewCell.swift */,
				17825DA01E3D30BC00A03FC5 /* CartTotalTableViewCell.swift */,
				FABDBB5B24455F7B00CEA175 /* ECTableViewCell.swift */,
				17825DA21E3D37A500A03FC5 /* CartPlaceOrderTableViewCell.swift */,
				173DCFB31E58F5E4001092C7 /* CategoriesTableViewCell.swift */,
				FA2EA85124423CE000C0C96F /* CategoryCollectionViewCell.swift */,
				FA6CBF942454A2D4007AF8C6 /* PaymentCollectionViewCell.swift */,
				FA1855CC2443331000650DBE /* SlideShowCollectionViewCell.swift */,
			);
			name = Cells;
			sourceTree = "<group>";
		};
		1782C8691E62719300963945 /* View Controllers */ = {
			isa = PBXGroup;
			children = (
				FAF45D8F243F6FBC00BFB8AD /* HomeViewController.swift */,
			);
			name = "View Controllers";
			sourceTree = "<group>";
		};
		1782C86A1E6285A600963945 /* Configuration */ = {
			isa = PBXGroup;
			children = (
				17A206341E513D7C00CCC2C8 /* AppConfiguration.swift */,
				1782C86B1E6285D200963945 /* StringConstants.swift */,
			);
			name = Configuration;
			sourceTree = "<group>";
		};
		1782C8731E6289AD00963945 /* Supporting Files */ = {
			isa = PBXGroup;
			children = (
				1782C87B1E63E15600963945 /* Localizable.strings */,
			);
			name = "Supporting Files";
			sourceTree = "<group>";
		};
		1782C8811E669B5800963945 /* AppTemplatesCore */ = {
			isa = PBXGroup;
			children = (
				FA6CBF12244C721F007AF8C6 /* Core */,
				1782C8821E669B5800963945 /* API */,
				1782C8851E669B5800963945 /* Assets */,
				1782C8881E669B5800963945 /* Helpers */,
				1782C88B1E669B5800963945 /* Models */,
				1782C8931E669B5800963945 /* Networking */,
				1782C8951E669B5800963945 /* Stripe */,
				1782C89B1E669B5800963945 /* ViewControllers */,
				1782C8B11E669B5800963945 /* Views */,
			);
			path = AppTemplatesCore;
			sourceTree = "<group>";
		};
		1782C8821E669B5800963945 /* API */ = {
			isa = PBXGroup;
			children = (
				1782C8831E669B5800963945 /* ATCAPIManager.swift */,
				1782C8841E669B5800963945 /* ATCFacebookAPIManager.swift */,
			);
			path = API;
			sourceTree = "<group>";
		};
		1782C8851E669B5800963945 /* Assets */ = {
			isa = PBXGroup;
			children = (
				1782C8861E669B5800963945 /* Misc.xcassets */,
			);
			path = Assets;
			sourceTree = "<group>";
		};
		1782C8881E669B5800963945 /* Helpers */ = {
			isa = PBXGroup;
			children = (
				1782C8891E669B5800963945 /* ATCFirebaseLoginManager.swift */,
				1782C88A1E669B5800963945 /* ATCViewControllerFactory.swift */,
				FA738FA42449ECE2008BE704 /* ViewControllerUtils.swift */,
			);
			path = Helpers;
			sourceTree = "<group>";
		};
		1782C88B1E669B5800963945 /* Models */ = {
			isa = PBXGroup;
			children = (
				1782C88C1E669B5800963945 /* ATCBaseModel.swift */,
				1782C88D1E669B5800963945 /* ATCFacebookPost.swift */,
				1782C88E1E669B5800963945 /* ATCFacebookUser.swift */,
				1782C88F1E669B5800963945 /* ATCRSSFeed.swift */,
				1782C8901E669B5800963945 /* ATCSettingsItem.swift */,
				1782C8911E669B5800963945 /* ATCUser.swift */,
				1782C8921E669B5800963945 /* ATCWordpressPost.swift */,
			);
			path = Models;
			sourceTree = "<group>";
		};
		1782C8931E669B5800963945 /* Networking */ = {
			isa = PBXGroup;
			children = (
				1782C8941E669B5800963945 /* ATCNetworkingManager.swift */,
			);
			path = Networking;
			sourceTree = "<group>";
		};
		1782C8951E669B5800963945 /* Stripe */ = {
			isa = PBXGroup;
			children = (
				1782C8961E669B5800963945 /* ATCStripeButtons.swift */,
				1782C8971E669B5800963945 /* ATCStripeCheckoutRowView.swift */,
				1782C8981E669B5800963945 /* ATCStripeCheckoutViewController.swift */,
				1782C8991E669B5800963945 /* ATCStripeMyAPIClient.swift */,
				1782C89A1E669B5800963945 /* ATCStripeSettingsViewController.swift */,
			);
			path = Stripe;
			sourceTree = "<group>";
		};
		1782C89B1E669B5800963945 /* ViewControllers */ = {
			isa = PBXGroup;
			children = (
				1782C89C1E669B5800963945 /* ATCLoginViewController.swift */,
				1782C89D1E669B5800963945 /* ATCLoginViewController.xib */,
				1782C89E1E669B5800963945 /* ATCTableViewController.swift */,
				1782C89F1E669B5800963945 /* Navigation */,
				1782C8A91E669B5800963945 /* Settings */,
			);
			path = ViewControllers;
			sourceTree = "<group>";
		};
		1782C89F1E669B5800963945 /* Navigation */ = {
			isa = PBXGroup;
			children = (
				1782C8A01E669B5800963945 /* ATCHostViewController.swift */,
				1782C8A11E669B5800963945 /* ATCMenuHeaderTableViewCell.swift */,
				1782C8A21E669B5800963945 /* ATCMenuHeaderTableViewCell.xib */,
				1782C8A31E669B5800963945 /* ATCMenuTableViewCell.swift */,
				1782C8A41E669B5800963945 /* ATCMenuTableViewCell.xib */,
				1782C8A51E669B5800963945 /* ATCMenuTableViewController.swift */,
				1782C8A61E669B5800963945 /* ATCMenuTableViewController.xib */,
				1782C8A71E669B5800963945 /* ATCNavigationController.swift */,
				1782C8A81E669B5800963945 /* ATCNavigationDrawerController.swift */,
			);
			path = Navigation;
			sourceTree = "<group>";
		};
		1782C8A91E669B5800963945 /* Settings */ = {
			isa = PBXGroup;
			children = (
				1782C8AA1E669B5800963945 /* ATCSettingsMoreTableViewCell.swift */,
				1782C8AB1E669B5800963945 /* ATCSettingsMoreTableViewCell.xib */,
				1782C8AC1E669B5800963945 /* ATCSettingsTableViewController.swift */,
				1782C8AD1E669B5800963945 /* ATCSettingsTextTableViewCell.swift */,
				1782C8AE1E669B5800963945 /* ATCSettingsTextTableViewCell.xib */,
				1782C8AF1E669B5800963945 /* ATCSettingsToggleTableViewCell.swift */,
				1782C8B01E669B5800963945 /* ATCSettingsToggleTableViewCell.xib */,
			);
			path = Settings;
			sourceTree = "<group>";
		};
		1782C8B11E669B5800963945 /* Views */ = {
			isa = PBXGroup;
			children = (
				1782C8B21E669B5800963945 /* UIView.swift */,
			);
			path = Views;
			sourceTree = "<group>";
		};
		58F0A209252D84E7964F9BF0 /* Frameworks */ = {
			isa = PBXGroup;
			children = (
				A77003E3BA55AED5BB62B93B /* Pods_EcommerceApp.framework */,
			);
			name = Frameworks;
			sourceTree = "<group>";
		};
		82CD3256CE16FFE46DA1DC78 /* Pods */ = {
			isa = PBXGroup;
			children = (
				1EA0814B1EFE100BECD440B2 /* Pods-EcommerceApp.debug.xcconfig */,
				84C4903F70CB6CB03F788679 /* Pods-EcommerceApp.release.xcconfig */,
			);
			name = Pods;
			sourceTree = "<group>";
		};
		FA260929243EDC400096AED9 /* Slideshow */ = {
			isa = PBXGroup;
			children = (
				FA26092A243EDC7A0096AED9 /* Slide.swift */,
				FA26092E243EDE900096AED9 /* Slide.xib */,
				FAF45D91243F923600BFB8AD /* PhotoCollectionViewCell.swift */,
			);
			name = Slideshow;
			sourceTree = "<group>";
		};
		FA3448472461C8EB00F09D20 /* Custom */ = {
			isa = PBXGroup;
			children = (
				FA3448482461C94900F09D20 /* FrontEndCustomButton.swift */,
				FA34484A2461D76F00F09D20 /* UITextFieldFrontendCustomTextField.swift */,
				FA34484C2461EBF200F09D20 /* FrontEndCustomView.swift */,
			);
			name = Custom;
			sourceTree = "<group>";
		};
		FA344850246257DE00F09D20 /* SubCategories */ = {
			isa = PBXGroup;
			children = (
				FA3448512462580100F09D20 /* SubCategories.storyboard */,
			);
			name = SubCategories;
			sourceTree = "<group>";
		};
		FA34485524625A4600F09D20 /* HomePage */ = {
			isa = PBXGroup;
			children = (
				FA34485624625A5F00F09D20 /* HomePage.storyboard */,
			);
			path = HomePage;
			sourceTree = "<group>";
		};
		FA34485A24625DF100F09D20 /* Categories */ = {
			isa = PBXGroup;
			children = (
				FA34485B24625E0800F09D20 /* Categories.storyboard */,
			);
			name = Categories;
			sourceTree = "<group>";
		};
		FA34485D24625ED500F09D20 /* Setting */ = {
			isa = PBXGroup;
			children = (
				FA34485E2462763B00F09D20 /* Setting.storyboard */,
			);
			path = Setting;
			sourceTree = "<group>";
		};
		FA34486024627B2D00F09D20 /* Checkout */ = {
			isa = PBXGroup;
			children = (
				FA3AF6C424596C47007AB53E /* OrdersViewController.swift */,
				FA6CBF2724525191007AF8C6 /* AddressCheckoutViewController.swift */,
				FA6CBF1924504CDB007AF8C6 /* PaymentsViewController.swift */,
				FA6CBF9624558DD2007AF8C6 /* ThankyouViewController.swift */,
				FA738FA6244A0317008BE704 /* ByNowViewController.swift */,
				FA3AF6D12459DA9D007AB53E /* OrderViewController.swift */,
				FADCEA7B24573FB4001B9421 /* MapPathViewController.swift */,
				17825D9C1E3AD4B400A03FC5 /* EcommerceCartTableViewController.swift */,
				FA6CBF92245496C5007AF8C6 /* SumaryCheckoutViewController.swift */,
			);
			name = Checkout;
			path = ../Checkout;
			sourceTree = "<group>";
		};
		FA34486324627F3F00F09D20 /* Categories */ = {
			isa = PBXGroup;
			children = (
				173DCFB11E58F598001092C7 /* CategoriesTableViewController.swift */,
			);
			name = Categories;
			sourceTree = "<group>";
		};
		FA34486424627FE500F09D20 /* Products */ = {
			isa = PBXGroup;
			children = (
				1767F75A1E344E3100E8AD1F /* ProductCollectionViewController.swift */,
				FA3DE2112448C5C900B03EEE /* ProductDetailsFullDescriptionViewController.swift */,
				17825D8D1E356BF200A03FC5 /* ProductDetailsViewController.swift */,
			);
			name = Products;
			sourceTree = "<group>";
		};
		FA3448652462802600F09D20 /* User */ = {
			isa = PBXGroup;
			children = (
				FA34480B245EB06900F09D20 /* UserLoginViewController.swift */,
				FA3AF6BD24596718007AB53E /* UserViewController.swift */,
				FAA920AD245D94CF0019EDE1 /* UserRegisterViewController.swift */,
			);
			name = User;
			sourceTree = "<group>";
		};
		FA3448662462804100F09D20 /* Subcategories */ = {
			isa = PBXGroup;
			children = (
				FA05767B2444569E0003908D /* SubCategoriesViewController.swift */,
			);
			path = Subcategories;
			sourceTree = "<group>";
		};
		FA344867246280F200F09D20 /* categories */ = {
			isa = PBXGroup;
			children = (
			);
			path = categories;
			sourceTree = "<group>";
		};
		FA3448682462810800F09D20 /* Products */ = {
			isa = PBXGroup;
			children = (
				1767F7581E344B7100E8AD1F /* Product.swift */,
			);
			name = Products;
			sourceTree = "<group>";
		};
		FA3448692462811E00F09D20 /* SubCategories */ = {
			isa = PBXGroup;
			children = (
				FA0576772444346C0003908D /* SubCategory.swift */,
			);
			name = SubCategories;
			sourceTree = "<group>";
		};
		FA3AF6B324591B25007AB53E /* Orders */ = {
			isa = PBXGroup;
			children = (
				FA3AF6C924597BA1007AB53E /* tmpl */,
				FA3AF6BA245958D3007AB53E /* Orders.storyboard */,
				FA3AF6CF2459D9E5007AB53E /* Order.storyboard */,
			);
			name = Orders;
			sourceTree = "<group>";
		};
		FA3AF6B424591CB2007AB53E /* Mvc */ = {
			isa = PBXGroup;
			children = (
				FA3AF6B524591CC8007AB53E /* View */,
			);
			name = Mvc;
			sourceTree = "<group>";
		};
		FA3AF6B524591CC8007AB53E /* View */ = {
			isa = PBXGroup;
			children = (
				FA3AF6B624591D00007AB53E /* LibMvcViewController1.swift */,
				FA3AF6C224596B46007AB53E /* LibMvcViewController.swift */,
			);
			path = View;
			sourceTree = "<group>";
		};
		FA3AF6BF245967AC007AB53E /* User */ = {
			isa = PBXGroup;
			children = (
				FA3AF6C624597B4E007AB53E /* tmpl */,
				FA3AF6C0245967BE007AB53E /* UserLogin.storyboard */,
				FAA920AB245D94790019EDE1 /* UserRegister.storyboard */,
			);
			path = User;
			sourceTree = "<group>";
		};
		FA3AF6C624597B4E007AB53E /* tmpl */ = {
			isa = PBXGroup;
			children = (
			);
			name = tmpl;
			sourceTree = "<group>";
		};
		FA3AF6C924597BA1007AB53E /* tmpl */ = {
			isa = PBXGroup;
			children = (
				FA3AF6CA24597BBD007AB53E /* OrderTableViewCell.swift */,
				FA3AF6D5245B2170007AB53E /* FrontEndViewOrdersTmplProductCollectionViewCell.swift */,
			);
			name = tmpl;
			path = "New Group";
			sourceTree = "<group>";
		};
		FA3AF6CC24597C48007AB53E /* models */ = {
			isa = PBXGroup;
			children = (
				FA3AF6CD24597C5C007AB53E /* Order.swift */,
			);
			path = models;
			sourceTree = "<group>";
		};
		FA6CBF12244C721F007AF8C6 /* Core */ = {
			isa = PBXGroup;
			children = (
				FA6CBF13244C7252007AF8C6 /* lib */,
			);
			path = Core;
			sourceTree = "<group>";
		};
		FA6CBF13244C7252007AF8C6 /* lib */ = {
			isa = PBXGroup;
			children = (
				FA6CBF14244C7261007AF8C6 /* application */,
				FA6CBF17244C7325007AF8C6 /* User.swift */,
				FA6CBF15244C727E007AF8C6 /* Factory.swift */,
			);
			path = lib;
			sourceTree = "<group>";
		};
		FA6CBF14244C7261007AF8C6 /* application */ = {
			isa = PBXGroup;
			children = (
			);
			path = application;
			sourceTree = "<group>";
		};
		FA6CBF242451FD80007AF8C6 /* Library */ = {
			isa = PBXGroup;
			children = (
				FA3AF6B424591CB2007AB53E /* Mvc */,
				FA6CBF602452E717007AF8C6 /* Utilities */,
				FA6CBF252451FDB0007AF8C6 /* Form */,
			);
			name = Library;
			sourceTree = "<group>";
		};
		FA6CBF252451FDB0007AF8C6 /* Form */ = {
			isa = PBXGroup;
			children = (
				FA6CBF262451FDC4007AF8C6 /* Fields */,
			);
			name = Form;
			sourceTree = "<group>";
		};
		FA6CBF262451FDC4007AF8C6 /* Fields */ = {
			isa = PBXGroup;
			children = (
			);
			name = Fields;
			sourceTree = "<group>";
		};
		FA6CBF392452CDFF007AF8C6 /* Admin */ = {
			isa = PBXGroup;
			children = (
				FA6CBF3A2452CE18007AF8C6 /* App */,
			);
			path = Admin;
			sourceTree = "<group>";
		};
		FA6CBF3A2452CE18007AF8C6 /* App */ = {
			isa = PBXGroup;
			children = (
				FA6CBF3B2452CE43007AF8C6 /* Ecommerce */,
			);
			name = App;
			sourceTree = "<group>";
		};
		FA6CBF3B2452CE43007AF8C6 /* Ecommerce */ = {
			isa = PBXGroup;
			children = (
				FA6CBF3D2452CE6B007AF8C6 /* Views */,
				FA6CBF3C2452CE5C007AF8C6 /* Layout */,
			);
			path = Ecommerce;
			sourceTree = "<group>";
		};
		FA6CBF3C2452CE5C007AF8C6 /* Layout */ = {
			isa = PBXGroup;
			children = (
			);
			name = Layout;
			sourceTree = "<group>";
		};
		FA6CBF3D2452CE6B007AF8C6 /* Views */ = {
			isa = PBXGroup;
			children = (
				FA6CBF3F2452CE81007AF8C6 /* Categories */,
				FA6CBF3E2452CE74007AF8C6 /* Products */,
			);
			path = Views;
			sourceTree = "<group>";
		};
		FA6CBF3E2452CE74007AF8C6 /* Products */ = {
			isa = PBXGroup;
			children = (
			);
			name = Products;
			sourceTree = "<group>";
		};
		FA6CBF3F2452CE81007AF8C6 /* Categories */ = {
			isa = PBXGroup;
			children = (
			);
			path = Categories;
			sourceTree = "<group>";
		};
		FA6CBF402452CE96007AF8C6 /* App */ = {
			isa = PBXGroup;
			children = (
				FA6CBF412452CEA4007AF8C6 /* Ecommerce */,
			);
			name = App;
			path = "New Group";
			sourceTree = "<group>";
		};
		FA6CBF412452CEA4007AF8C6 /* Ecommerce */ = {
			isa = PBXGroup;
			children = (
				FA3448472461C8EB00F09D20 /* Custom */,
				FA3AF6CC24597C48007AB53E /* models */,
				FA6CBF552452D06F007AF8C6 /* Views */,
				FA6CBF462452CED6007AF8C6 /* Forms */,
				FA6CBF452452CECD007AF8C6 /* Shareds */,
				FA6CBF442452CEC3007AF8C6 /* Controllers */,
				FA6CBF432452CEB8007AF8C6 /* Models */,
			);
			name = Ecommerce;
			sourceTree = "<group>";
		};
		FA6CBF432452CEB8007AF8C6 /* Models */ = {
			isa = PBXGroup;
			children = (
				FA3448692462811E00F09D20 /* SubCategories */,
				FA3448682462810800F09D20 /* Products */,
				FA344867246280F200F09D20 /* categories */,
				FA6CBF4E2452CF65007AF8C6 /* FrontendModelsProduct.swift */,
			);
			name = Models;
			sourceTree = "<group>";
		};
		FA6CBF442452CEC3007AF8C6 /* Controllers */ = {
			isa = PBXGroup;
			children = (
				FA3448662462804100F09D20 /* Subcategories */,
				FA3448652462802600F09D20 /* User */,
				FA34486424627FE500F09D20 /* Products */,
				FA34486324627F3F00F09D20 /* Categories */,
				FA34486024627B2D00F09D20 /* Checkout */,
			);
			name = Controllers;
			sourceTree = "<group>";
		};
		FA6CBF452452CECD007AF8C6 /* Shareds */ = {
			isa = PBXGroup;
			children = (
				FAA920A6245C8AFD0019EDE1 /* checkout_steps */,
			);
			path = Shareds;
			sourceTree = "<group>";
		};
		FA6CBF462452CED6007AF8C6 /* Forms */ = {
			isa = PBXGroup;
			children = (
				FA6CBF472452CEEB007AF8C6 /* Fields */,
			);
			name = Forms;
			sourceTree = "<group>";
		};
		FA6CBF472452CEEB007AF8C6 /* Fields */ = {
			isa = PBXGroup;
			children = (
				FA6CBF492452CF05007AF8C6 /* Email */,
				FA6CBF482452CEF6007AF8C6 /* Input */,
			);
			path = Fields;
			sourceTree = "<group>";
		};
		FA6CBF482452CEF6007AF8C6 /* Input */ = {
			isa = PBXGroup;
			children = (
			);
			name = Input;
			sourceTree = "<group>";
		};
		FA6CBF492452CF05007AF8C6 /* Email */ = {
			isa = PBXGroup;
			children = (
			);
			path = Email;
			sourceTree = "<group>";
		};
		FA6CBF552452D06F007AF8C6 /* Views */ = {
			isa = PBXGroup;
			children = (
				FA34485D24625ED500F09D20 /* Setting */,
				FA34485A24625DF100F09D20 /* Categories */,
				FA34485524625A4600F09D20 /* HomePage */,
				FA344850246257DE00F09D20 /* SubCategories */,
				FA3AF6BF245967AC007AB53E /* User */,
				FA3AF6B324591B25007AB53E /* Orders */,
				FA6CBF5A2452D0F9007AF8C6 /* Checkout */,
				FA6CBF562452D09C007AF8C6 /* Products */,
			);
			path = Views;
			sourceTree = "<group>";
		};
		FA6CBF562452D09C007AF8C6 /* Products */ = {
			isa = PBXGroup;
			children = (
				FA6CBF592452D0BB007AF8C6 /* Tmpl */,
				FA6CBF572452D0B6007AF8C6 /* FrontendViewsProducts.swift */,
				FA34484E2462571400F09D20 /* ProductDetails.storyboard */,
				FA34485824625B8700F09D20 /* Products.storyboard */,
			);
			name = Products;
			sourceTree = "<group>";
		};
		FA6CBF592452D0BB007AF8C6 /* Tmpl */ = {
			isa = PBXGroup;
			children = (
				FA6CBF5E2452D847007AF8C6 /* FrontendViewsProductsTmplList.storyboard */,
			);
			path = Tmpl;
			sourceTree = "<group>";
		};
		FA6CBF5A2452D0F9007AF8C6 /* Checkout */ = {
			isa = PBXGroup;
			children = (
				FA6CBF5D2452D155007AF8C6 /* Tmpl */,
				FA6CBF5B2452D111007AF8C6 /* FrontendViewsCheckout.swift */,
				FA344853246258BF00F09D20 /* Checkout.storyboard */,
			);
			path = Checkout;
			sourceTree = "<group>";
		};
		FA6CBF5D2452D155007AF8C6 /* Tmpl */ = {
			isa = PBXGroup;
			children = (
			);
			name = Tmpl;
			sourceTree = "<group>";
		};
		FA6CBF602452E717007AF8C6 /* Utilities */ = {
			isa = PBXGroup;
			children = (
				FA6CBF622452E75F007AF8C6 /* LibraryUtilitiesUtility.swift */,
			);
			path = Utilities;
			sourceTree = "<group>";
		};
		FA6CBF7024543191007AF8C6 /* Frontend */ = {
			isa = PBXGroup;
			children = (
				FA6CBF712454319B007AF8C6 /* App */,
			);
			path = Frontend;
			sourceTree = "<group>";
		};
		FA6CBF712454319B007AF8C6 /* App */ = {
			isa = PBXGroup;
			children = (
				FA6CBF722454321D007AF8C6 /* Resource */,
			);
			name = App;
			sourceTree = "<group>";
		};
		FA6CBF722454321D007AF8C6 /* Resource */ = {
			isa = PBXGroup;
			children = (
				FA6CBF732454328D007AF8C6 /* fontawesome-free-5.13.0 */,
			);
			path = Resource;
			sourceTree = "<group>";
		};
		FA6CBF732454328D007AF8C6 /* fontawesome-free-5.13.0 */ = {
			isa = PBXGroup;
			children = (
				FA6CBF742454328D007AF8C6 /* fa-brands-400.eot */,
				FA6CBF752454328D007AF8C6 /* fa-brands-400.svg */,
				FA6CBF762454328D007AF8C6 /* fa-brands-400.ttf */,
				FA6CBF772454328D007AF8C6 /* fa-brands-400.woff */,
				FA6CBF782454328D007AF8C6 /* fa-brands-400.woff2 */,
				FA6CBF792454328D007AF8C6 /* fa-regular-400.eot */,
				FA6CBF7A2454328D007AF8C6 /* fa-regular-400.svg */,
				FA6CBF7B2454328D007AF8C6 /* fa-regular-400.ttf */,
				FA6CBF7C2454328D007AF8C6 /* fa-regular-400.woff */,
				FA6CBF7D2454328D007AF8C6 /* fa-regular-400.woff2 */,
				FA6CBF7E2454328D007AF8C6 /* fa-solid-900.eot */,
				FA6CBF7F2454328D007AF8C6 /* fa-solid-900.svg */,
				FA6CBF802454328D007AF8C6 /* fa-solid-900.ttf */,
				FA6CBF812454328D007AF8C6 /* fa-solid-900.woff */,
				FA6CBF822454328D007AF8C6 /* fa-solid-900.woff2 */,
			);
			path = "fontawesome-free-5.13.0";
			sourceTree = "<group>";
		};
		FAA920A6245C8AFD0019EDE1 /* checkout_steps */ = {
			isa = PBXGroup;
			children = (
				FAA920A7245C8B2F0019EDE1 /* checkout_steps.xib */,
				FAA920A9245C8B4C0019EDE1 /* checkout_steps.swift */,
			);
			name = checkout_steps;
			sourceTree = "<group>";
		};
/* End PBXGroup section */

/* Begin PBXNativeTarget section */
		177867411E33F86000BF7080 /* EcommerceApp */ = {
			isa = PBXNativeTarget;
			buildConfigurationList = 177867541E33F86000BF7080 /* Build configuration list for PBXNativeTarget "EcommerceApp" */;
			buildPhases = (
				0E49B12F268ECF2D23793D52 /* [CP] Check Pods Manifest.lock */,
				1778673E1E33F86000BF7080 /* Sources */,
				1778673F1E33F86000BF7080 /* Frameworks */,
				177867401E33F86000BF7080 /* Resources */,
				F87F38DAA64F657D782D4C56 /* [CP] Embed Pods Frameworks */,
				78020A9213A4F535DF417C54 /* [CP] Copy Pods Resources */,
			);
			buildRules = (
			);
			dependencies = (
			);
			name = EcommerceApp;
			productName = EcommerceApp;
			productReference = 177867421E33F86000BF7080 /* EcommerceApp.app */;
			productType = "com.apple.product-type.application";
		};
/* End PBXNativeTarget section */

/* Begin PBXProject section */
		1778673A1E33F86000BF7080 /* Project object */ = {
			isa = PBXProject;
			attributes = {
				LastSwiftUpdateCheck = 0820;
				LastUpgradeCheck = 0820;
				ORGANIZATIONNAME = "iOS App Templates";
				TargetAttributes = {
					177867411E33F86000BF7080 = {
						CreatedOnToolsVersion = 8.2.1;
						DevelopmentTeam = H5Y52UW26J;
						ProvisioningStyle = Automatic;
					};
				};
			};
			buildConfigurationList = 1778673D1E33F86000BF7080 /* Build configuration list for PBXProject "EcommerceApp" */;
			compatibilityVersion = "Xcode 3.2";
			developmentRegion = English;
			hasScannedForEncodings = 0;
			knownRegions = (
				en,
				Base,
			);
			mainGroup = 177867391E33F86000BF7080;
			productRefGroup = 177867431E33F86000BF7080 /* Products */;
			projectDirPath = "";
			projectRoot = "";
			targets = (
				177867411E33F86000BF7080 /* EcommerceApp */,
			);
		};
/* End PBXProject section */

/* Begin PBXResourcesBuildPhase section */
		177867401E33F86000BF7080 /* Resources */ = {
			isa = PBXResourcesBuildPhase;
			buildActionMask = 2147483647;
			files = (
				1782C8D51E669B5900963945 /* ATCSettingsTextTableViewCell.xib in Resources */,
				FA6CBF8E2454328D007AF8C6 /* fa-solid-900.svg in Resources */,
				1782C8CA1E669B5900963945 /* ATCMenuHeaderTableViewCell.xib in Resources */,
				FA7EB22A2439D01D0034092B /* note.txt in Resources */,
				FA6CBF8D2454328D007AF8C6 /* fa-solid-900.eot in Resources */,
				177867501E33F86000BF7080 /* LaunchScreen.storyboard in Resources */,
				FA34485C24625E0800F09D20 /* Categories.storyboard in Resources */,
				FA6CBF852454328D007AF8C6 /* fa-brands-400.ttf in Resources */,
				FA3AF6BB245958D3007AB53E /* Orders.storyboard in Resources */,
				FA344854246258BF00F09D20 /* Checkout.storyboard in Resources */,
				1782C8CC1E669B5900963945 /* ATCMenuTableViewCell.xib in Resources */,
				FA6CBF8A2454328D007AF8C6 /* fa-regular-400.ttf in Resources */,
				FA6CBF882454328D007AF8C6 /* fa-regular-400.eot in Resources */,
				FAA920A8245C8B2F0019EDE1 /* checkout_steps.xib in Resources */,
				FA4417152457469300CA0BD3 /* LocationData.json in Resources */,
				FA26092F243EDE900096AED9 /* Slide.xib in Resources */,
				173DCFB01E56B187001092C7 /* GoogleService-Info.plist in Resources */,
				1778674D1E33F86000BF7080 /* Assets.xcassets in Resources */,
				FA6CBF862454328D007AF8C6 /* fa-brands-400.woff in Resources */,
				FA6CBF8B2454328D007AF8C6 /* fa-regular-400.woff in Resources */,
				1782C8D21E669B5900963945 /* ATCSettingsMoreTableViewCell.xib in Resources */,
				1782C8791E63E15600963945 /* Localizable.strings in Resources */,
				FA6CBF902454328D007AF8C6 /* fa-solid-900.woff in Resources */,
				FA6CBF872454328D007AF8C6 /* fa-brands-400.woff2 in Resources */,
				FAA920AC245D94790019EDE1 /* UserRegister.storyboard in Resources */,
				FA6CBF832454328D007AF8C6 /* fa-brands-400.eot in Resources */,
				FA6CBF5F2452D847007AF8C6 /* FrontendViewsProductsTmplList.storyboard in Resources */,
				FA3AF6D02459D9E5007AB53E /* Order.storyboard in Resources */,
				1782C86D1E6287A500963945 /* Ecommerce.storyboard in Resources */,
				FA6CBF8F2454328D007AF8C6 /* fa-solid-900.ttf in Resources */,
				1782C8D71E669B5900963945 /* ATCSettingsToggleTableViewCell.xib in Resources */,
				FA34484F2462571400F09D20 /* ProductDetails.storyboard in Resources */,
				FA34485F2462763B00F09D20 /* Setting.storyboard in Resources */,
				FA3AF6C1245967BE007AB53E /* UserLogin.storyboard in Resources */,
				FA34485724625A5F00F09D20 /* HomePage.storyboard in Resources */,
				FA3448522462580100F09D20 /* SubCategories.storyboard in Resources */,
				1782C8C61E669B5900963945 /* ATCLoginViewController.xib in Resources */,
				FA6CBF912454328D007AF8C6 /* fa-solid-900.woff2 in Resources */,
				1782C8B51E669B5900963945 /* Misc.xcassets in Resources */,
				1782C8CE1E669B5900963945 /* ATCMenuTableViewController.xib in Resources */,
				FA6CBF842454328D007AF8C6 /* fa-brands-400.svg in Resources */,
				FA34485924625B8700F09D20 /* Products.storyboard in Resources */,
				FA6CBF6F24543068007AF8C6 /* FontAwesome.ttf in Resources */,
				FA6CBF8C2454328D007AF8C6 /* fa-regular-400.woff2 in Resources */,
				FA6CBF892454328D007AF8C6 /* fa-regular-400.svg in Resources */,
			);
			runOnlyForDeploymentPostprocessing = 0;
		};
/* End PBXResourcesBuildPhase section */

/* Begin PBXShellScriptBuildPhase section */
		0E49B12F268ECF2D23793D52 /* [CP] Check Pods Manifest.lock */ = {
			isa = PBXShellScriptBuildPhase;
			buildActionMask = 2147483647;
			files = (
			);
			inputPaths = (
				"${PODS_PODFILE_DIR_PATH}/Podfile.lock",
				"${PODS_ROOT}/Manifest.lock",
			);
			name = "[CP] Check Pods Manifest.lock";
			outputPaths = (
				"$(DERIVED_FILE_DIR)/Pods-EcommerceApp-checkManifestLockResult.txt",
			);
			runOnlyForDeploymentPostprocessing = 0;
			shellPath = /bin/sh;
			shellScript = "diff \"${PODS_PODFILE_DIR_PATH}/Podfile.lock\" \"${PODS_ROOT}/Manifest.lock\" > /dev/null\nif [ $? != 0 ] ; then\n    # print error to STDERR\n    echo \"error: The sandbox is not in sync with the Podfile.lock. Run 'pod install' or update your CocoaPods installation.\" >&2\n    exit 1\nfi\n# This output is used by Xcode 'outputs' to avoid re-running this script phase.\necho \"SUCCESS\" > \"${SCRIPT_OUTPUT_FILE_0}\"\n";
			showEnvVarsInLog = 0;
		};
		78020A9213A4F535DF417C54 /* [CP] Copy Pods Resources */ = {
			isa = PBXShellScriptBuildPhase;
			buildActionMask = 2147483647;
			files = (
			);
			inputPaths = (
				"${PODS_ROOT}/Target Support Files/Pods-EcommerceApp/Pods-EcommerceApp-resources.sh",
				"${PODS_ROOT}/GoogleMaps/Maps/Frameworks/GoogleMaps.framework/Resources/GoogleMaps.bundle",
				"${PODS_ROOT}/TwitterKit/iOS/TwitterKit.framework/Versions/A/Resources/TwitterKitResources.bundle",
			);
			name = "[CP] Copy Pods Resources";
			outputPaths = (
				"${TARGET_BUILD_DIR}/${UNLOCALIZED_RESOURCES_FOLDER_PATH}/GoogleMaps.bundle",
				"${TARGET_BUILD_DIR}/${UNLOCALIZED_RESOURCES_FOLDER_PATH}/TwitterKitResources.bundle",
			);
			runOnlyForDeploymentPostprocessing = 0;
			shellPath = /bin/sh;
			shellScript = "\"${PODS_ROOT}/Target Support Files/Pods-EcommerceApp/Pods-EcommerceApp-resources.sh\"\n";
			showEnvVarsInLog = 0;
		};
		F87F38DAA64F657D782D4C56 /* [CP] Embed Pods Frameworks */ = {
			isa = PBXShellScriptBuildPhase;
			buildActionMask = 2147483647;
			files = (
			);
			inputPaths = (
				"${PODS_ROOT}/Target Support Files/Pods-EcommerceApp/Pods-EcommerceApp-frameworks.sh",
				"${BUILT_PRODUCTS_DIR}/Alamofire/Alamofire.framework",
				"${BUILT_PRODUCTS_DIR}/AlamofireRSSParser/AlamofireRSSParser.framework",
				"${BUILT_PRODUCTS_DIR}/Bolts/Bolts.framework",
				"${BUILT_PRODUCTS_DIR}/FBSDKCoreKit/FBSDKCoreKit.framework",
				"${BUILT_PRODUCTS_DIR}/FBSDKLoginKit/FBSDKLoginKit.framework",
				"${BUILT_PRODUCTS_DIR}/FBSDKShareKit/FBSDKShareKit.framework",
				"${BUILT_PRODUCTS_DIR}/FacebookCore/FacebookCore.framework",
				"${BUILT_PRODUCTS_DIR}/FacebookLogin/FacebookLogin.framework",
				"${BUILT_PRODUCTS_DIR}/FacebookShare/FacebookShare.framework",
				"${BUILT_PRODUCTS_DIR}/GTMSessionFetcher/GTMSessionFetcher.framework",
				"${BUILT_PRODUCTS_DIR}/GoogleToolboxForMac/GoogleToolboxForMac.framework",
				"${BUILT_PRODUCTS_DIR}/Kingfisher/Kingfisher.framework",
				"${BUILT_PRODUCTS_DIR}/MDFInternationalization/MDFInternationalization.framework",
				"${BUILT_PRODUCTS_DIR}/Material/Material.framework",
				"${BUILT_PRODUCTS_DIR}/MaterialComponents/MaterialComponents.framework",
				"${BUILT_PRODUCTS_DIR}/ObjectMapper/ObjectMapper.framework",
				"${BUILT_PRODUCTS_DIR}/Stripe/Stripe.framework",
				"${BUILT_PRODUCTS_DIR}/SwiftyJSON/SwiftyJSON.framework",
			);
			name = "[CP] Embed Pods Frameworks";
			outputPaths = (
				"${TARGET_BUILD_DIR}/${FRAMEWORKS_FOLDER_PATH}/Alamofire.framework",
				"${TARGET_BUILD_DIR}/${FRAMEWORKS_FOLDER_PATH}/AlamofireRSSParser.framework",
				"${TARGET_BUILD_DIR}/${FRAMEWORKS_FOLDER_PATH}/Bolts.framework",
				"${TARGET_BUILD_DIR}/${FRAMEWORKS_FOLDER_PATH}/FBSDKCoreKit.framework",
				"${TARGET_BUILD_DIR}/${FRAMEWORKS_FOLDER_PATH}/FBSDKLoginKit.framework",
				"${TARGET_BUILD_DIR}/${FRAMEWORKS_FOLDER_PATH}/FBSDKShareKit.framework",
				"${TARGET_BUILD_DIR}/${FRAMEWORKS_FOLDER_PATH}/FacebookCore.framework",
				"${TARGET_BUILD_DIR}/${FRAMEWORKS_FOLDER_PATH}/FacebookLogin.framework",
				"${TARGET_BUILD_DIR}/${FRAMEWORKS_FOLDER_PATH}/FacebookShare.framework",
				"${TARGET_BUILD_DIR}/${FRAMEWORKS_FOLDER_PATH}/GTMSessionFetcher.framework",
				"${TARGET_BUILD_DIR}/${FRAMEWORKS_FOLDER_PATH}/GoogleToolboxForMac.framework",
				"${TARGET_BUILD_DIR}/${FRAMEWORKS_FOLDER_PATH}/Kingfisher.framework",
				"${TARGET_BUILD_DIR}/${FRAMEWORKS_FOLDER_PATH}/MDFInternationalization.framework",
				"${TARGET_BUILD_DIR}/${FRAMEWORKS_FOLDER_PATH}/Material.framework",
				"${TARGET_BUILD_DIR}/${FRAMEWORKS_FOLDER_PATH}/MaterialComponents.framework",
				"${TARGET_BUILD_DIR}/${FRAMEWORKS_FOLDER_PATH}/ObjectMapper.framework",
				"${TARGET_BUILD_DIR}/${FRAMEWORKS_FOLDER_PATH}/Stripe.framework",
				"${TARGET_BUILD_DIR}/${FRAMEWORKS_FOLDER_PATH}/SwiftyJSON.framework",
			);
			runOnlyForDeploymentPostprocessing = 0;
			shellPath = /bin/sh;
			shellScript = "\"${PODS_ROOT}/Target Support Files/Pods-EcommerceApp/Pods-EcommerceApp-frameworks.sh\"\n";
			showEnvVarsInLog = 0;
		};
/* End PBXShellScriptBuildPhase section */

/* Begin PBXSourcesBuildPhase section */
		1778673E1E33F86000BF7080 /* Sources */ = {
			isa = PBXSourcesBuildPhase;
			buildActionMask = 2147483647;
			files = (
				FA6CBF16244C727E007AF8C6 /* Factory.swift in Sources */,
				17825D991E3ABD3800A03FC5 /* ShoppingCartItem.swift in Sources */,
				FA6CBF2824525191007AF8C6 /* AddressCheckoutViewController.swift in Sources */,
				FAF45D92243F923600BFB8AD /* PhotoCollectionViewCell.swift in Sources */,
				1782C8B81E669B5900963945 /* ATCBaseModel.swift in Sources */,
				1782C8B91E669B5900963945 /* ATCFacebookPost.swift in Sources */,
				FA3AF6D6245B2170007AB53E /* FrontEndViewOrdersTmplProductCollectionViewCell.swift in Sources */,
				1782C8D81E669B5900963945 /* UIView.swift in Sources */,
				FAA920AA245C8B4C0019EDE1 /* checkout_steps.swift in Sources */,
				FA3AF6C524596C47007AB53E /* OrdersViewController.swift in Sources */,
				FA34484B2461D76F00F09D20 /* UITextFieldFrontendCustomTextField.swift in Sources */,
				17825D901E356ED200A03FC5 /* ImageCollectionViewCell.swift in Sources */,
				FA738FA52449ECE2008BE704 /* ViewControllerUtils.swift in Sources */,
				17825DA11E3D30BC00A03FC5 /* CartTotalTableViewCell.swift in Sources */,
				FA3AF6C324596B46007AB53E /* LibMvcViewController.swift in Sources */,
				1782C8C11E669B5900963945 /* ATCStripeCheckoutRowView.swift in Sources */,
				17825D9F1E3AD50F00A03FC5 /* CartTableViewCell.swift in Sources */,
				FA6CBF952454A2D4007AF8C6 /* PaymentCollectionViewCell.swift in Sources */,
				173DCFB61E58F8E2001092C7 /* Category.swift in Sources */,
				173DCFB21E58F599001092C7 /* CategoriesTableViewController.swift in Sources */,
				FADCEA7C24573FB4001B9421 /* MapPathViewController.swift in Sources */,
				1767F75D1E344E7800E8AD1F /* ProductCollectionViewCell.swift in Sources */,
				1782C8CF1E669B5900963945 /* ATCNavigationController.swift in Sources */,
				1782C8BA1E669B5900963945 /* ATCFacebookUser.swift in Sources */,
				FA6CBF18244C7325007AF8C6 /* User.swift in Sources */,
				FA6CBF1A24504CDB007AF8C6 /* PaymentsViewController.swift in Sources */,
				1782C8C31E669B5900963945 /* ATCStripeMyAPIClient.swift in Sources */,
				1782C8B31E669B5800963945 /* ATCAPIManager.swift in Sources */,
				17825DA31E3D37A500A03FC5 /* CartPlaceOrderTableViewCell.swift in Sources */,
				1767F7591E344B7100E8AD1F /* Product.swift in Sources */,
				FA6CBF93245496C5007AF8C6 /* SumaryCheckoutViewController.swift in Sources */,
				17825D8E1E356BF200A03FC5 /* ProductDetailsViewController.swift in Sources */,
				1782C8D11E669B5900963945 /* ATCSettingsMoreTableViewCell.swift in Sources */,
				FA3AF6CE24597C5C007AB53E /* Order.swift in Sources */,
				1782C8BE1E669B5900963945 /* ATCWordpressPost.swift in Sources */,
				FAF45D90243F6FBC00BFB8AD /* HomeViewController.swift in Sources */,
				FA6CBF4F2452CF65007AF8C6 /* FrontendModelsProduct.swift in Sources */,
				FA2EA85224423CE000C0C96F /* CategoryCollectionViewCell.swift in Sources */,
				FABDBB56244466A200CEA175 /* SubCategoryTableViewCell.swift in Sources */,
				FA1855CD2443331000650DBE /* SlideShowCollectionViewCell.swift in Sources */,
				FABDBB5C24455F7B00CEA175 /* ECTableViewCell.swift in Sources */,
				FA6CBF5C2452D111007AF8C6 /* FrontendViewsCheckout.swift in Sources */,
				FADCEA8024574016001B9421 /* MapPathViewModel.swift in Sources */,
				1782C8C01E669B5900963945 /* ATCStripeButtons.swift in Sources */,
				173DCFB41E58F5E4001092C7 /* CategoriesTableViewCell.swift in Sources */,
				FABDBB582444B52300CEA175 /* Image.swift in Sources */,
				FA6CBF582452D0B6007AF8C6 /* FrontendViewsProducts.swift in Sources */,
				FA3448492461C94900F09D20 /* FrontEndCustomButton.swift in Sources */,
				1782C8C21E669B5900963945 /* ATCStripeCheckoutViewController.swift in Sources */,
				FA6CBF232451E33C007AF8C6 /* PaymentTableViewCell.swift in Sources */,
				1782C8C71E669B5900963945 /* ATCTableViewController.swift in Sources */,
				1782C86C1E6285D200963945 /* StringConstants.swift in Sources */,
				FA26092B243EDC7A0096AED9 /* Slide.swift in Sources */,
				FA3DE2122448C5C900B03EEE /* ProductDetailsFullDescriptionViewController.swift in Sources */,
				1782C8D41E669B5900963945 /* ATCSettingsTextTableViewCell.swift in Sources */,
				1782C8D01E669B5900963945 /* ATCNavigationDrawerController.swift in Sources */,
				1782C8BF1E669B5900963945 /* ATCNetworkingManager.swift in Sources */,
				1782C8BC1E669B5900963945 /* ATCSettingsItem.swift in Sources */,
				FA34480C245EB06900F09D20 /* UserLoginViewController.swift in Sources */,
				1782C8C91E669B5900963945 /* ATCMenuHeaderTableViewCell.swift in Sources */,
				FABDBB5A24455EF300CEA175 /* ECCollectionViewCell.swift in Sources */,
				1782C8C41E669B5900963945 /* ATCStripeSettingsViewController.swift in Sources */,
				1782C8D31E669B5900963945 /* ATCSettingsTableViewController.swift in Sources */,
				FA3AF6BE24596718007AB53E /* UserViewController.swift in Sources */,
				FA6CBF9724558DD2007AF8C6 /* ThankyouViewController.swift in Sources */,
				1782C8B61E669B5900963945 /* ATCFirebaseLoginManager.swift in Sources */,
				1782C8B41E669B5900963945 /* ATCFacebookAPIManager.swift in Sources */,
				1782C8CD1E669B5900963945 /* ATCMenuTableViewController.swift in Sources */,
				FA6CBF632452E75F007AF8C6 /* LibraryUtilitiesUtility.swift in Sources */,
				FADCEA7E24573FEB001B9421 /* MapPath.swift in Sources */,
				FA3AF6CB24597BBD007AB53E /* OrderTableViewCell.swift in Sources */,
				FAA920AE245D94CF0019EDE1 /* UserRegisterViewController.swift in Sources */,
				177867641E34147900BF7080 /* StoryboardEntityProvider.swift in Sources */,
				1782C8BD1E669B5900963945 /* ATCUser.swift in Sources */,
				1782C8BB1E669B5900963945 /* ATCRSSFeed.swift in Sources */,
				17A206351E513D7C00CCC2C8 /* AppConfiguration.swift in Sources */,
				1782C8CB1E669B5900963945 /* ATCMenuTableViewCell.swift in Sources */,
				1782C8B71E669B5900963945 /* ATCViewControllerFactory.swift in Sources */,
				1782C8C81E669B5900963945 /* ATCHostViewController.swift in Sources */,
				1767F75B1E344E3100E8AD1F /* ProductCollectionViewController.swift in Sources */,
				177867461E33F86000BF7080 /* AppDelegate.swift in Sources */,
				17825D9D1E3AD4B400A03FC5 /* EcommerceCartTableViewController.swift in Sources */,
				FA3AF6D22459DA9D007AB53E /* OrderViewController.swift in Sources */,
				17825D931E3852C700A03FC5 /* ShoppingCartManager.swift in Sources */,
				FA738FA7244A0317008BE704 /* ByNowViewController.swift in Sources */,
				FA05767C2444569E0003908D /* SubCategoriesViewController.swift in Sources */,
				1782C8D61E669B5900963945 /* ATCSettingsToggleTableViewCell.swift in Sources */,
				17825D971E3ABD1300A03FC5 /* ShoppingCart.swift in Sources */,
				FA6CBF1F2451DEC9007AF8C6 /* Payment.swift in Sources */,
				FA34484D2461EBF200F09D20 /* FrontEndCustomView.swift in Sources */,
				1782C8C51E669B5900963945 /* ATCLoginViewController.swift in Sources */,
				FA0576782444346C0003908D /* SubCategory.swift in Sources */,
			);
			runOnlyForDeploymentPostprocessing = 0;
		};
/* End PBXSourcesBuildPhase section */

/* Begin PBXVariantGroup section */
		1778674E1E33F86000BF7080 /* LaunchScreen.storyboard */ = {
			isa = PBXVariantGroup;
			children = (
				1778674F1E33F86000BF7080 /* Base */,
				1782C8751E628DA400963945 /* es */,
			);
			name = LaunchScreen.storyboard;
			sourceTree = "<group>";
		};
		1782C86F1E6287A500963945 /* Ecommerce.storyboard */ = {
			isa = PBXVariantGroup;
			children = (
				1782C86E1E6287A500963945 /* Base */,
				1782C8741E628DA400963945 /* es */,
				1782C8761E63E04A00963945 /* en */,
			);
			name = Ecommerce.storyboard;
			sourceTree = "<group>";
		};
		1782C87B1E63E15600963945 /* Localizable.strings */ = {
			isa = PBXVariantGroup;
			children = (
				1782C87A1E63E15600963945 /* es */,
				1782C87D1E63E16B00963945 /* en */,
			);
			name = Localizable.strings;
			path = "Supporting Files";
			sourceTree = "<group>";
		};
/* End PBXVariantGroup section */

/* Begin XCBuildConfiguration section */
		177867521E33F86000BF7080 /* Debug */ = {
			isa = XCBuildConfiguration;
			buildSettings = {
				ALWAYS_SEARCH_USER_PATHS = NO;
				CLANG_ANALYZER_LOCALIZABILITY_NONLOCALIZED = YES;
				CLANG_ANALYZER_NONNULL = YES;
				CLANG_CXX_LANGUAGE_STANDARD = "gnu++0x";
				CLANG_CXX_LIBRARY = "libc++";
				CLANG_ENABLE_MODULES = YES;
				CLANG_ENABLE_OBJC_ARC = YES;
				CLANG_WARN_BOOL_CONVERSION = YES;
				CLANG_WARN_CONSTANT_CONVERSION = YES;
				CLANG_WARN_DIRECT_OBJC_ISA_USAGE = YES_ERROR;
				CLANG_WARN_DOCUMENTATION_COMMENTS = YES;
				CLANG_WARN_EMPTY_BODY = YES;
				CLANG_WARN_ENUM_CONVERSION = YES;
				CLANG_WARN_INFINITE_RECURSION = YES;
				CLANG_WARN_INT_CONVERSION = YES;
				CLANG_WARN_OBJC_ROOT_CLASS = YES_ERROR;
				CLANG_WARN_SUSPICIOUS_MOVE = YES;
				CLANG_WARN_UNREACHABLE_CODE = YES;
				CLANG_WARN__DUPLICATE_METHOD_MATCH = YES;
				"CODE_SIGN_IDENTITY[sdk=iphoneos*]" = "iPhone Developer";
				COPY_PHASE_STRIP = NO;
				DEBUG_INFORMATION_FORMAT = dwarf;
				ENABLE_STRICT_OBJC_MSGSEND = YES;
				ENABLE_TESTABILITY = YES;
				GCC_C_LANGUAGE_STANDARD = gnu99;
				GCC_DYNAMIC_NO_PIC = NO;
				GCC_NO_COMMON_BLOCKS = YES;
				GCC_OPTIMIZATION_LEVEL = 0;
				GCC_PREPROCESSOR_DEFINITIONS = (
					"DEBUG=1",
					"$(inherited)",
				);
				GCC_WARN_64_TO_32_BIT_CONVERSION = YES;
				GCC_WARN_ABOUT_RETURN_TYPE = YES_ERROR;
				GCC_WARN_UNDECLARED_SELECTOR = YES;
				GCC_WARN_UNINITIALIZED_AUTOS = YES_AGGRESSIVE;
				GCC_WARN_UNUSED_FUNCTION = YES;
				GCC_WARN_UNUSED_VARIABLE = YES;
				IPHONEOS_DEPLOYMENT_TARGET = 10.0;
				MTL_ENABLE_DEBUG_INFO = YES;
				ONLY_ACTIVE_ARCH = YES;
				SDKROOT = iphoneos;
				SWIFT_ACTIVE_COMPILATION_CONDITIONS = DEBUG;
				SWIFT_OPTIMIZATION_LEVEL = "-Onone";
				SWIFT_VERSION = 3.0;
				TARGETED_DEVICE_FAMILY = "1,2";
			};
			name = Debug;
		};
		177867531E33F86000BF7080 /* Release */ = {
			isa = XCBuildConfiguration;
			buildSettings = {
				ALWAYS_SEARCH_USER_PATHS = NO;
				CLANG_ANALYZER_LOCALIZABILITY_NONLOCALIZED = YES;
				CLANG_ANALYZER_NONNULL = YES;
				CLANG_CXX_LANGUAGE_STANDARD = "gnu++0x";
				CLANG_CXX_LIBRARY = "libc++";
				CLANG_ENABLE_MODULES = YES;
				CLANG_ENABLE_OBJC_ARC = YES;
				CLANG_WARN_BOOL_CONVERSION = YES;
				CLANG_WARN_CONSTANT_CONVERSION = YES;
				CLANG_WARN_DIRECT_OBJC_ISA_USAGE = YES_ERROR;
				CLANG_WARN_DOCUMENTATION_COMMENTS = YES;
				CLANG_WARN_EMPTY_BODY = YES;
				CLANG_WARN_ENUM_CONVERSION = YES;
				CLANG_WARN_INFINITE_RECURSION = YES;
				CLANG_WARN_INT_CONVERSION = YES;
				CLANG_WARN_OBJC_ROOT_CLASS = YES_ERROR;
				CLANG_WARN_SUSPICIOUS_MOVE = YES;
				CLANG_WARN_UNREACHABLE_CODE = YES;
				CLANG_WARN__DUPLICATE_METHOD_MATCH = YES;
				"CODE_SIGN_IDENTITY[sdk=iphoneos*]" = "iPhone Developer";
				COPY_PHASE_STRIP = NO;
				DEBUG_INFORMATION_FORMAT = "dwarf-with-dsym";
				ENABLE_NS_ASSERTIONS = NO;
				ENABLE_STRICT_OBJC_MSGSEND = YES;
				GCC_C_LANGUAGE_STANDARD = gnu99;
				GCC_NO_COMMON_BLOCKS = YES;
				GCC_WARN_64_TO_32_BIT_CONVERSION = YES;
				GCC_WARN_ABOUT_RETURN_TYPE = YES_ERROR;
				GCC_WARN_UNDECLARED_SELECTOR = YES;
				GCC_WARN_UNINITIALIZED_AUTOS = YES_AGGRESSIVE;
				GCC_WARN_UNUSED_FUNCTION = YES;
				GCC_WARN_UNUSED_VARIABLE = YES;
				IPHONEOS_DEPLOYMENT_TARGET = 10.0;
				MTL_ENABLE_DEBUG_INFO = NO;
				SDKROOT = iphoneos;
				SWIFT_OPTIMIZATION_LEVEL = "-Owholemodule";
				SWIFT_VERSION = 3.0;
				TARGETED_DEVICE_FAMILY = "1,2";
				VALIDATE_PRODUCT = YES;
			};
			name = Release;
		};
		177867551E33F86000BF7080 /* Debug */ = {
			isa = XCBuildConfiguration;
			baseConfigurationReference = 1EA0814B1EFE100BECD440B2 /* Pods-EcommerceApp.debug.xcconfig */;
			buildSettings = {
				ASSETCATALOG_COMPILER_APPICON_NAME = AppIcon;
				DEVELOPMENT_TEAM = H5Y52UW26J;
				INFOPLIST_FILE = EcommerceApp/Info.plist;
				LD_RUNPATH_SEARCH_PATHS = "$(inherited) @executable_path/Frameworks";
				PRODUCT_BUNDLE_IDENTIFIER = iOSAppTemplatesDotCom.EcommerceApp;
				PRODUCT_NAME = "$(TARGET_NAME)";
				SWIFT_VERSION = 3.0;
			};
			name = Debug;
		};
		177867561E33F86000BF7080 /* Release */ = {
			isa = XCBuildConfiguration;
			baseConfigurationReference = 84C4903F70CB6CB03F788679 /* Pods-EcommerceApp.release.xcconfig */;
			buildSettings = {
				ASSETCATALOG_COMPILER_APPICON_NAME = AppIcon;
				DEVELOPMENT_TEAM = H5Y52UW26J;
				INFOPLIST_FILE = EcommerceApp/Info.plist;
				LD_RUNPATH_SEARCH_PATHS = "$(inherited) @executable_path/Frameworks";
				PRODUCT_BUNDLE_IDENTIFIER = iOSAppTemplatesDotCom.EcommerceApp;
				PRODUCT_NAME = "$(TARGET_NAME)";
				SWIFT_VERSION = 3.0;
			};
			name = Release;
		};
/* End XCBuildConfiguration section */

/* Begin XCConfigurationList section */
		1778673D1E33F86000BF7080 /* Build configuration list for PBXProject "EcommerceApp" */ = {
			isa = XCConfigurationList;
			buildConfigurations = (
				177867521E33F86000BF7080 /* Debug */,
				177867531E33F86000BF7080 /* Release */,
			);
			defaultConfigurationIsVisible = 0;
			defaultConfigurationName = Release;
		};
		177867541E33F86000BF7080 /* Build configuration list for PBXNativeTarget "EcommerceApp" */ = {
			isa = XCConfigurationList;
			buildConfigurations = (
				177867551E33F86000BF7080 /* Debug */,
				177867561E33F86000BF7080 /* Release */,
			);
			defaultConfigurationIsVisible = 0;
			defaultConfigurationName = Release;
		};
/* End XCConfigurationList section */
	};
	rootObject = 1778673A1E33F86000BF7080 /* Project object */;
}
